// !$*UTF8*$!
{
	archiveVersion = 1;
	classes = {
	};
	objectVersion = 48;
	objects = {

/* Begin PBXBuildFile section */
		3E268212203F2F2500DB625A /* PLSponsor.m in Sources */ = {isa = PBXBuildFile; fileRef = 3E268211203F2F2500DB625A /* PLSponsor.m */; };
		3E46E7C4203C6053006274B1 /* QuartzCore.framework in Frameworks */ = {isa = PBXBuildFile; fileRef = 3E46E7C3203C6053006274B1 /* QuartzCore.framework */; };
		3E46E7C8203C6482006274B1 /* PLProfileTableViewCell.m in Sources */ = {isa = PBXBuildFile; fileRef = 3E46E7C6203C6482006274B1 /* PLProfileTableViewCell.m */; };
		3E46E7C9203C6482006274B1 /* PLProfileTableViewCell.xib in Resources */ = {isa = PBXBuildFile; fileRef = 3E46E7C7203C6482006274B1 /* PLProfileTableViewCell.xib */; };
		3E4DAEE0203336A200587BF8 /* FontAwesome.ttf in Resources */ = {isa = PBXBuildFile; fileRef = 3E4DAEDF203336A200587BF8 /* FontAwesome.ttf */; };
		3E4DAEE520333E1D00587BF8 /* PLMainNavTableViewCell.m in Sources */ = {isa = PBXBuildFile; fileRef = 3E4DAEE320333E1D00587BF8 /* PLMainNavTableViewCell.m */; };
		3E4DAEE620333E1D00587BF8 /* PLMainNavTableViewCell.xib in Resources */ = {isa = PBXBuildFile; fileRef = 3E4DAEE420333E1D00587BF8 /* PLMainNavTableViewCell.xib */; };
		3E4DAEED20334B6000587BF8 /* UIImage+PLShadow.m in Sources */ = {isa = PBXBuildFile; fileRef = 3E4DAEEC20334B6000587BF8 /* UIImage+PLShadow.m */; };
		3E4DAEF1203373EE00587BF8 /* MyriadPro-Cond.otf in Resources */ = {isa = PBXBuildFile; fileRef = 3E4DAEEE203373ED00587BF8 /* MyriadPro-Cond.otf */; };
		3E4DAEF2203373EE00587BF8 /* font.otf in Resources */ = {isa = PBXBuildFile; fileRef = 3E4DAEEF203373EE00587BF8 /* font.otf */; };
		3E4DAEF3203373EE00587BF8 /* MyriadCondBold.otf in Resources */ = {isa = PBXBuildFile; fileRef = 3E4DAEF0203373EE00587BF8 /* MyriadCondBold.otf */; };
		3E4DAEF62034119900587BF8 /* PLMyProfileViewController.m in Sources */ = {isa = PBXBuildFile; fileRef = 3E4DAEF52034119900587BF8 /* PLMyProfileViewController.m */; };
		3E4DAEF9203444DF00587BF8 /* PLSocialNetworksViewController.m in Sources */ = {isa = PBXBuildFile; fileRef = 3E4DAEF8203444DF00587BF8 /* PLSocialNetworksViewController.m */; };
		3E4DAEFD2034EF4200587BF8 /* PLFacebookFeedPost.m in Sources */ = {isa = PBXBuildFile; fileRef = 3E4DAEFC2034EF4200587BF8 /* PLFacebookFeedPost.m */; };
		3E4DAF012034F3BD00587BF8 /* PLFacebookFeedTableViewCell.m in Sources */ = {isa = PBXBuildFile; fileRef = 3E4DAEFF2034F3BD00587BF8 /* PLFacebookFeedTableViewCell.m */; };
		3E4DAF022034F3BD00587BF8 /* PLFacebookFeedTableViewCell.xib in Resources */ = {isa = PBXBuildFile; fileRef = 3E4DAF002034F3BD00587BF8 /* PLFacebookFeedTableViewCell.xib */; };
		3E4DAF0C203BF80300587BF8 /* PLLoginViewController.m in Sources */ = {isa = PBXBuildFile; fileRef = 3E4DAF0B203BF80300587BF8 /* PLLoginViewController.m */; };
		3E4DAF0E203C1B4200587BF8 /* PLMainNavigationController.m in Sources */ = {isa = PBXBuildFile; fileRef = 3E4DAF0D203C1B4200587BF8 /* PLMainNavigationController.m */; };
		3E4DAF11203C3D0800587BF8 /* PLUser.m in Sources */ = {isa = PBXBuildFile; fileRef = 3E4DAF10203C3D0800587BF8 /* PLUser.m */; };
		3E4E9868204826FA00E1E598 /* Assets.xcassets in Resources */ = {isa = PBXBuildFile; fileRef = 3EE3CCA520328E50005FD2A5 /* Assets.xcassets */; };
		3E514DA0209F7EC5009625EC /* GoogleService-Info.plist in Resources */ = {isa = PBXBuildFile; fileRef = 3E514D9F209F7EC4009625EC /* GoogleService-Info.plist */; };
		3E9466F1208E8707000045AB /* PLInstagramTableViewController.m in Sources */ = {isa = PBXBuildFile; fileRef = 3E9466EF208E8707000045AB /* PLInstagramTableViewController.m */; };
		3E9466F2208E8707000045AB /* PLInstagramTableViewController.xib in Resources */ = {isa = PBXBuildFile; fileRef = 3E9466F0208E8707000045AB /* PLInstagramTableViewController.xib */; };
		3E9466F8208E8F79000045AB /* Twitter.plist in Resources */ = {isa = PBXBuildFile; fileRef = 3E9466F3208E8F78000045AB /* Twitter.plist */; };
		3E9466F9208E8F79000045AB /* TwitterKitResources.bundle in Resources */ = {isa = PBXBuildFile; fileRef = 3E9466F4208E8F78000045AB /* TwitterKitResources.bundle */; };
		3E9466FA208E8F79000045AB /* TwitterKit.framework in Frameworks */ = {isa = PBXBuildFile; fileRef = 3E9466F5208E8F79000045AB /* TwitterKit.framework */; };
		3E9466FB208E8F79000045AB /* TwitterShareExtensionUIResources.bundle in Resources */ = {isa = PBXBuildFile; fileRef = 3E9466F6208E8F79000045AB /* TwitterShareExtensionUIResources.bundle */; };
		3E9466FC208E8F79000045AB /* TwitterCore.framework in Frameworks */ = {isa = PBXBuildFile; fileRef = 3E9466F7208E8F79000045AB /* TwitterCore.framework */; };
		3E946700208E9024000045AB /* PLTwitterViewController.m in Sources */ = {isa = PBXBuildFile; fileRef = 3E9466FE208E9024000045AB /* PLTwitterViewController.m */; };
		3E946701208E9024000045AB /* PLTwitterViewController.xib in Resources */ = {isa = PBXBuildFile; fileRef = 3E9466FF208E9024000045AB /* PLTwitterViewController.xib */; };
		3E946704208EA15C000045AB /* PLInstagramFeed.m in Sources */ = {isa = PBXBuildFile; fileRef = 3E946703208EA15C000045AB /* PLInstagramFeed.m */; };
		3E946708208EAF2A000045AB /* PLInstagramTableViewCell.m in Sources */ = {isa = PBXBuildFile; fileRef = 3E946706208EAF2A000045AB /* PLInstagramTableViewCell.m */; };
		3E946709208EAF2A000045AB /* PLInstagramTableViewCell.xib in Resources */ = {isa = PBXBuildFile; fileRef = 3E946707208EAF2A000045AB /* PLInstagramTableViewCell.xib */; };
		3E94670B208F2A3F000045AB /* CoreLocation.framework in Frameworks */ = {isa = PBXBuildFile; fileRef = 3E94670A208F2A3E000045AB /* CoreLocation.framework */; };
		3EAAD4BA2032DEE600F26053 /* PLAPICLient.m in Sources */ = {isa = PBXBuildFile; fileRef = 3EAAD4B92032DEE600F26053 /* PLAPICLient.m */; };
		3EAAD4C02032E22A00F26053 /* EyadiniPLConstants.m in Sources */ = {isa = PBXBuildFile; fileRef = 3EAAD4BF2032E22A00F26053 /* EyadiniPLConstants.m */; };
		3EAAD4C52032EB3B00F26053 /* PLBaseViewController.m in Sources */ = {isa = PBXBuildFile; fileRef = 3EAAD4C42032EB3B00F26053 /* PLBaseViewController.m */; };
		3EAAD4CE2032F31600F26053 /* PLHomeViewController.m in Sources */ = {isa = PBXBuildFile; fileRef = 3EAAD4CC2032F31600F26053 /* PLHomeViewController.m */; };
		3EAAD4D22032FF6900F26053 /* PLTransitions.m in Sources */ = {isa = PBXBuildFile; fileRef = 3EAAD4D12032FF6900F26053 /* PLTransitions.m */; };
		3EAAD4D62033001800F26053 /* PLFoldAnimationController.m in Sources */ = {isa = PBXBuildFile; fileRef = 3EAAD4D52033001800F26053 /* PLFoldAnimationController.m */; };
		3EAAD4D92033002C00F26053 /* PLZoomAnimationController.m in Sources */ = {isa = PBXBuildFile; fileRef = 3EAAD4D82033002C00F26053 /* PLZoomAnimationController.m */; };
		3EAAD4DC2033003F00F26053 /* PLDynamicTransition.m in Sources */ = {isa = PBXBuildFile; fileRef = 3EAAD4DB2033003F00F26053 /* PLDynamicTransition.m */; };
		3EAAD4DF203322D200F26053 /* PLEventsViewController.m in Sources */ = {isa = PBXBuildFile; fileRef = 3EAAD4DE203322D200F26053 /* PLEventsViewController.m */; };
		3EAAD4E2203322E800F26053 /* PLGalleryViewController.m in Sources */ = {isa = PBXBuildFile; fileRef = 3EAAD4E1203322E800F26053 /* PLGalleryViewController.m */; };
		3EAAD4EB2033232700F26053 /* PLAboutUsViewController.m in Sources */ = {isa = PBXBuildFile; fileRef = 3EAAD4EA2033232700F26053 /* PLAboutUsViewController.m */; };
		3EAAD4EE2033233200F26053 /* PLContactUsViewController.m in Sources */ = {isa = PBXBuildFile; fileRef = 3EAAD4ED2033233200F26053 /* PLContactUsViewController.m */; };
		3EADA1342090C9BA00256BA8 /* CoreText.framework in Frameworks */ = {isa = PBXBuildFile; fileRef = 3EADA1332090C9BA00256BA8 /* CoreText.framework */; };
		3EADA1362090C9C400256BA8 /* CoreGraphics.framework in Frameworks */ = {isa = PBXBuildFile; fileRef = 3EADA1352090C9C400256BA8 /* CoreGraphics.framework */; };
		3EADA1382090C9D200256BA8 /* Foundation.framework in Frameworks */ = {isa = PBXBuildFile; fileRef = 3EADA1372090C9D200256BA8 /* Foundation.framework */; };
		3EADA13A2090C9DE00256BA8 /* MobileCoreServices.framework in Frameworks */ = {isa = PBXBuildFile; fileRef = 3EADA1392090C9DE00256BA8 /* MobileCoreServices.framework */; };
		3EADA13C2090C9EE00256BA8 /* QuickLook.framework in Frameworks */ = {isa = PBXBuildFile; fileRef = 3EADA13B2090C9EE00256BA8 /* QuickLook.framework */; };
		3EADA13E2090C9F300256BA8 /* Security.framework in Frameworks */ = {isa = PBXBuildFile; fileRef = 3EADA13D2090C9F300256BA8 /* Security.framework */; };
		3EADA1402090C9FA00256BA8 /* SystemConfiguration.framework in Frameworks */ = {isa = PBXBuildFile; fileRef = 3EADA13F2090C9FA00256BA8 /* SystemConfiguration.framework */; };
		3EADA1422090CA0400256BA8 /* UIKit.framework in Frameworks */ = {isa = PBXBuildFile; fileRef = 3EADA1412090CA0400256BA8 /* UIKit.framework */; };
		3EADA1442090CA1600256BA8 /* libc++.tbd in Frameworks */ = {isa = PBXBuildFile; fileRef = 3EADA1432090CA1600256BA8 /* libc++.tbd */; };
		3EADA1462090CA2200256BA8 /* libz.tbd in Frameworks */ = {isa = PBXBuildFile; fileRef = 3EADA1452090CA2200256BA8 /* libz.tbd */; };
		3EE3CC9E20328E50005FD2A5 /* AppDelegate.m in Sources */ = {isa = PBXBuildFile; fileRef = 3EE3CC9D20328E50005FD2A5 /* AppDelegate.m */; };
		3EE3CCA420328E50005FD2A5 /* Main.storyboard in Resources */ = {isa = PBXBuildFile; fileRef = 3EE3CCA220328E50005FD2A5 /* Main.storyboard */; };
		3EE3CCA920328E50005FD2A5 /* LaunchScreen.storyboard in Resources */ = {isa = PBXBuildFile; fileRef = 3EE3CCA720328E50005FD2A5 /* LaunchScreen.storyboard */; };
		3EE3CCAC20328E50005FD2A5 /* main.m in Sources */ = {isa = PBXBuildFile; fileRef = 3EE3CCAB20328E50005FD2A5 /* main.m */; };
		3EE3CCB620328E50005FD2A5 /* PlacidTests.m in Sources */ = {isa = PBXBuildFile; fileRef = 3EE3CCB520328E50005FD2A5 /* PlacidTests.m */; };
		3EE3CCC120328E50005FD2A5 /* PlacidUITests.m in Sources */ = {isa = PBXBuildFile; fileRef = 3EE3CCC020328E50005FD2A5 /* PlacidUITests.m */; };
		3EE3CCDB2032922F005FD2A5 /* EyadiniDebug.xcconfig in Resources */ = {isa = PBXBuildFile; fileRef = 3EE3CCDA2032922F005FD2A5 /* EyadiniDebug.xcconfig */; };
		3EE3CCE12032926E005FD2A5 /* EyadiniRelease.xcconfig in Resources */ = {isa = PBXBuildFile; fileRef = 3EE3CCDC20329242005FD2A5 /* EyadiniRelease.xcconfig */; };
		3EEF19372052F4E800563DA1 /* PLCHTCollectionViewController.m in Sources */ = {isa = PBXBuildFile; fileRef = 3EEF19362052F4E800563DA1 /* PLCHTCollectionViewController.m */; };
		3EEF193A2052F90300563DA1 /* CHTCollectionViewWaterfallCell.m in Sources */ = {isa = PBXBuildFile; fileRef = 3EEF19382052F90300563DA1 /* CHTCollectionViewWaterfallCell.m */; };
		3EEF193F2052F92A00563DA1 /* CHTCollectionViewWaterfallFooter.m in Sources */ = {isa = PBXBuildFile; fileRef = 3EEF193D2052F92900563DA1 /* CHTCollectionViewWaterfallFooter.m */; };
		3EEF19402052F92A00563DA1 /* CHTCollectionViewWaterfallHeader.m in Sources */ = {isa = PBXBuildFile; fileRef = 3EEF193E2052F92900563DA1 /* CHTCollectionViewWaterfallHeader.m */; };
		3EEF19432052FE0000563DA1 /* PLFacebookAlbum.m in Sources */ = {isa = PBXBuildFile; fileRef = 3EEF19422052FE0000563DA1 /* PLFacebookAlbum.m */; };
		3EEF194520556B8A00563DA1 /* CHTCollectionViewWaterfallCell.xib in Resources */ = {isa = PBXBuildFile; fileRef = 3EEF194420556B8A00563DA1 /* CHTCollectionViewWaterfallCell.xib */; };
		3EEF194D2056F88200563DA1 /* PLEventTableViewCell.m in Sources */ = {isa = PBXBuildFile; fileRef = 3EEF194B2056F88200563DA1 /* PLEventTableViewCell.m */; };
		3EEF194E2056F88200563DA1 /* PLEventTableViewCell.xib in Resources */ = {isa = PBXBuildFile; fileRef = 3EEF194C2056F88200563DA1 /* PLEventTableViewCell.xib */; };
		3EEF19512056FC2600563DA1 /* PLEvent.m in Sources */ = {isa = PBXBuildFile; fileRef = 3EEF19502056FC2600563DA1 /* PLEvent.m */; };
		3EEF19532057103D00563DA1 /* MapKit.framework in Frameworks */ = {isa = PBXBuildFile; fileRef = 3EEF19522057103D00563DA1 /* MapKit.framework */; };
		9AC83352EBE4AE06667CE809 /* libPods-Placid.a in Frameworks */ = {isa = PBXBuildFile; fileRef = 8C1918432611AA1E7EF20490 /* libPods-Placid.a */; };
/* End PBXBuildFile section */

/* Begin PBXContainerItemProxy section */
		3EE3CCB220328E50005FD2A5 /* PBXContainerItemProxy */ = {
			isa = PBXContainerItemProxy;
			containerPortal = 3EE3CC9120328E50005FD2A5 /* Project object */;
			proxyType = 1;
			remoteGlobalIDString = 3EE3CC9820328E50005FD2A5;
			remoteInfo = Placid;
		};
		3EE3CCBD20328E50005FD2A5 /* PBXContainerItemProxy */ = {
			isa = PBXContainerItemProxy;
			containerPortal = 3EE3CC9120328E50005FD2A5 /* Project object */;
			proxyType = 1;
			remoteGlobalIDString = 3EE3CC9820328E50005FD2A5;
			remoteInfo = Placid;
		};
/* End PBXContainerItemProxy section */

/* Begin PBXFileReference section */
		3D6B71264106057E6E08E212 /* Pods-Placid.eyadinidebug.xcconfig */ = {isa = PBXFileReference; includeInIndex = 1; lastKnownFileType = text.xcconfig; name = "Pods-Placid.eyadinidebug.xcconfig"; path = "Pods/Target Support Files/Pods-Placid/Pods-Placid.eyadinidebug.xcconfig"; sourceTree = "<group>"; };
		3E268210203F2F2500DB625A /* PLSponsor.h */ = {isa = PBXFileReference; lastKnownFileType = sourcecode.c.h; path = PLSponsor.h; sourceTree = "<group>"; };
		3E268211203F2F2500DB625A /* PLSponsor.m */ = {isa = PBXFileReference; lastKnownFileType = sourcecode.c.objc; path = PLSponsor.m; sourceTree = "<group>"; };
		3E46E7C3203C6053006274B1 /* QuartzCore.framework */ = {isa = PBXFileReference; lastKnownFileType = wrapper.framework; name = QuartzCore.framework; path = System/Library/Frameworks/QuartzCore.framework; sourceTree = SDKROOT; };
		3E46E7C5203C6482006274B1 /* PLProfileTableViewCell.h */ = {isa = PBXFileReference; lastKnownFileType = sourcecode.c.h; path = PLProfileTableViewCell.h; sourceTree = "<group>"; };
		3E46E7C6203C6482006274B1 /* PLProfileTableViewCell.m */ = {isa = PBXFileReference; lastKnownFileType = sourcecode.c.objc; path = PLProfileTableViewCell.m; sourceTree = "<group>"; };
		3E46E7C7203C6482006274B1 /* PLProfileTableViewCell.xib */ = {isa = PBXFileReference; lastKnownFileType = file.xib; path = PLProfileTableViewCell.xib; sourceTree = "<group>"; };
		3E4DAEDF203336A200587BF8 /* FontAwesome.ttf */ = {isa = PBXFileReference; lastKnownFileType = file; path = FontAwesome.ttf; sourceTree = "<group>"; };
		3E4DAEE220333E1D00587BF8 /* PLMainNavTableViewCell.h */ = {isa = PBXFileReference; lastKnownFileType = sourcecode.c.h; path = PLMainNavTableViewCell.h; sourceTree = "<group>"; };
		3E4DAEE320333E1D00587BF8 /* PLMainNavTableViewCell.m */ = {isa = PBXFileReference; lastKnownFileType = sourcecode.c.objc; path = PLMainNavTableViewCell.m; sourceTree = "<group>"; };
		3E4DAEE420333E1D00587BF8 /* PLMainNavTableViewCell.xib */ = {isa = PBXFileReference; lastKnownFileType = file.xib; path = PLMainNavTableViewCell.xib; sourceTree = "<group>"; };
		3E4DAEEB20334B6000587BF8 /* UIImage+PLShadow.h */ = {isa = PBXFileReference; lastKnownFileType = sourcecode.c.h; path = "UIImage+PLShadow.h"; sourceTree = "<group>"; };
		3E4DAEEC20334B6000587BF8 /* UIImage+PLShadow.m */ = {isa = PBXFileReference; lastKnownFileType = sourcecode.c.objc; path = "UIImage+PLShadow.m"; sourceTree = "<group>"; };
		3E4DAEEE203373ED00587BF8 /* MyriadPro-Cond.otf */ = {isa = PBXFileReference; lastKnownFileType = file; path = "MyriadPro-Cond.otf"; sourceTree = "<group>"; };
		3E4DAEEF203373EE00587BF8 /* font.otf */ = {isa = PBXFileReference; lastKnownFileType = file; path = font.otf; sourceTree = "<group>"; };
		3E4DAEF0203373EE00587BF8 /* MyriadCondBold.otf */ = {isa = PBXFileReference; lastKnownFileType = file; path = MyriadCondBold.otf; sourceTree = "<group>"; };
		3E4DAEF42034119900587BF8 /* PLMyProfileViewController.h */ = {isa = PBXFileReference; lastKnownFileType = sourcecode.c.h; path = PLMyProfileViewController.h; sourceTree = "<group>"; };
		3E4DAEF52034119900587BF8 /* PLMyProfileViewController.m */ = {isa = PBXFileReference; lastKnownFileType = sourcecode.c.objc; path = PLMyProfileViewController.m; sourceTree = "<group>"; };
		3E4DAEF7203444DF00587BF8 /* PLSocialNetworksViewController.h */ = {isa = PBXFileReference; lastKnownFileType = sourcecode.c.h; path = PLSocialNetworksViewController.h; sourceTree = "<group>"; };
		3E4DAEF8203444DF00587BF8 /* PLSocialNetworksViewController.m */ = {isa = PBXFileReference; lastKnownFileType = sourcecode.c.objc; path = PLSocialNetworksViewController.m; sourceTree = "<group>"; };
		3E4DAEFB2034EF4200587BF8 /* PLFacebookFeedPost.h */ = {isa = PBXFileReference; lastKnownFileType = sourcecode.c.h; path = PLFacebookFeedPost.h; sourceTree = "<group>"; };
		3E4DAEFC2034EF4200587BF8 /* PLFacebookFeedPost.m */ = {isa = PBXFileReference; lastKnownFileType = sourcecode.c.objc; path = PLFacebookFeedPost.m; sourceTree = "<group>"; };
		3E4DAEFE2034F3BD00587BF8 /* PLFacebookFeedTableViewCell.h */ = {isa = PBXFileReference; lastKnownFileType = sourcecode.c.h; path = PLFacebookFeedTableViewCell.h; sourceTree = "<group>"; };
		3E4DAEFF2034F3BD00587BF8 /* PLFacebookFeedTableViewCell.m */ = {isa = PBXFileReference; lastKnownFileType = sourcecode.c.objc; path = PLFacebookFeedTableViewCell.m; sourceTree = "<group>"; };
		3E4DAF002034F3BD00587BF8 /* PLFacebookFeedTableViewCell.xib */ = {isa = PBXFileReference; lastKnownFileType = file.xib; path = PLFacebookFeedTableViewCell.xib; sourceTree = "<group>"; };
		3E4DAF0A203BF80300587BF8 /* PLLoginViewController.h */ = {isa = PBXFileReference; lastKnownFileType = sourcecode.c.h; path = PLLoginViewController.h; sourceTree = "<group>"; };
		3E4DAF0B203BF80300587BF8 /* PLLoginViewController.m */ = {isa = PBXFileReference; lastKnownFileType = sourcecode.c.objc; path = PLLoginViewController.m; sourceTree = "<group>"; };
		3E4DAF0D203C1B4200587BF8 /* PLMainNavigationController.m */ = {isa = PBXFileReference; fileEncoding = 4; lastKnownFileType = sourcecode.c.objc; path = PLMainNavigationController.m; sourceTree = "<group>"; };
		3E4DAF0F203C3D0800587BF8 /* PLUser.h */ = {isa = PBXFileReference; lastKnownFileType = sourcecode.c.h; path = PLUser.h; sourceTree = "<group>"; };
		3E4DAF10203C3D0800587BF8 /* PLUser.m */ = {isa = PBXFileReference; lastKnownFileType = sourcecode.c.objc; path = PLUser.m; sourceTree = "<group>"; };
		3E514D9F209F7EC4009625EC /* GoogleService-Info.plist */ = {isa = PBXFileReference; fileEncoding = 4; lastKnownFileType = text.plist.xml; name = "GoogleService-Info.plist"; path = "../../../../Downloads/GoogleService-Info.plist"; sourceTree = "<group>"; };
		3E9466EE208E8707000045AB /* PLInstagramTableViewController.h */ = {isa = PBXFileReference; lastKnownFileType = sourcecode.c.h; path = PLInstagramTableViewController.h; sourceTree = "<group>"; };
		3E9466EF208E8707000045AB /* PLInstagramTableViewController.m */ = {isa = PBXFileReference; lastKnownFileType = sourcecode.c.objc; path = PLInstagramTableViewController.m; sourceTree = "<group>"; };
		3E9466F0208E8707000045AB /* PLInstagramTableViewController.xib */ = {isa = PBXFileReference; lastKnownFileType = file.xib; path = PLInstagramTableViewController.xib; sourceTree = "<group>"; };
		3E9466F3208E8F78000045AB /* Twitter.plist */ = {isa = PBXFileReference; fileEncoding = 4; lastKnownFileType = text.plist.xml; path = Twitter.plist; sourceTree = "<group>"; };
		3E9466F4208E8F78000045AB /* TwitterKitResources.bundle */ = {isa = PBXFileReference; lastKnownFileType = "wrapper.plug-in"; name = TwitterKitResources.bundle; path = TwitterKit.framework/TwitterKitResources.bundle; sourceTree = "<group>"; };
		3E9466F5208E8F79000045AB /* TwitterKit.framework */ = {isa = PBXFileReference; lastKnownFileType = wrapper.framework; path = TwitterKit.framework; sourceTree = "<group>"; };
		3E9466F6208E8F79000045AB /* TwitterShareExtensionUIResources.bundle */ = {isa = PBXFileReference; lastKnownFileType = "wrapper.plug-in"; name = TwitterShareExtensionUIResources.bundle; path = TwitterKit.framework/TwitterShareExtensionUIResources.bundle; sourceTree = "<group>"; };
		3E9466F7208E8F79000045AB /* TwitterCore.framework */ = {isa = PBXFileReference; lastKnownFileType = wrapper.framework; path = TwitterCore.framework; sourceTree = "<group>"; };
		3E9466FD208E9024000045AB /* PLTwitterViewController.h */ = {isa = PBXFileReference; lastKnownFileType = sourcecode.c.h; path = PLTwitterViewController.h; sourceTree = "<group>"; };
		3E9466FE208E9024000045AB /* PLTwitterViewController.m */ = {isa = PBXFileReference; lastKnownFileType = sourcecode.c.objc; path = PLTwitterViewController.m; sourceTree = "<group>"; };
		3E9466FF208E9024000045AB /* PLTwitterViewController.xib */ = {isa = PBXFileReference; lastKnownFileType = file.xib; path = PLTwitterViewController.xib; sourceTree = "<group>"; };
		3E946702208EA15C000045AB /* PLInstagramFeed.h */ = {isa = PBXFileReference; lastKnownFileType = sourcecode.c.h; path = PLInstagramFeed.h; sourceTree = "<group>"; };
		3E946703208EA15C000045AB /* PLInstagramFeed.m */ = {isa = PBXFileReference; lastKnownFileType = sourcecode.c.objc; path = PLInstagramFeed.m; sourceTree = "<group>"; };
		3E946705208EAF2A000045AB /* PLInstagramTableViewCell.h */ = {isa = PBXFileReference; lastKnownFileType = sourcecode.c.h; path = PLInstagramTableViewCell.h; sourceTree = "<group>"; };
		3E946706208EAF2A000045AB /* PLInstagramTableViewCell.m */ = {isa = PBXFileReference; lastKnownFileType = sourcecode.c.objc; path = PLInstagramTableViewCell.m; sourceTree = "<group>"; };
		3E946707208EAF2A000045AB /* PLInstagramTableViewCell.xib */ = {isa = PBXFileReference; lastKnownFileType = file.xib; path = PLInstagramTableViewCell.xib; sourceTree = "<group>"; };
		3E94670A208F2A3E000045AB /* CoreLocation.framework */ = {isa = PBXFileReference; lastKnownFileType = wrapper.framework; name = CoreLocation.framework; path = System/Library/Frameworks/CoreLocation.framework; sourceTree = SDKROOT; };
		3EAAD4B82032DEE600F26053 /* PLAPICLient.h */ = {isa = PBXFileReference; lastKnownFileType = sourcecode.c.h; path = PLAPICLient.h; sourceTree = "<group>"; };
		3EAAD4B92032DEE600F26053 /* PLAPICLient.m */ = {isa = PBXFileReference; lastKnownFileType = sourcecode.c.objc; path = PLAPICLient.m; sourceTree = "<group>"; };
		3EAAD4BC2032DF7D00F26053 /* PLConstants.h */ = {isa = PBXFileReference; lastKnownFileType = sourcecode.c.h; path = PLConstants.h; sourceTree = "<group>"; };
		3EAAD4BF2032E22A00F26053 /* EyadiniPLConstants.m */ = {isa = PBXFileReference; lastKnownFileType = sourcecode.c.objc; path = EyadiniPLConstants.m; sourceTree = "<group>"; };
		3EAAD4C32032EB3A00F26053 /* PLBaseViewController.h */ = {isa = PBXFileReference; lastKnownFileType = sourcecode.c.h; path = PLBaseViewController.h; sourceTree = "<group>"; };
		3EAAD4C42032EB3B00F26053 /* PLBaseViewController.m */ = {isa = PBXFileReference; lastKnownFileType = sourcecode.c.objc; path = PLBaseViewController.m; sourceTree = "<group>"; };
		3EAAD4C82032ED0000F26053 /* PLMainNavigationController.h */ = {isa = PBXFileReference; lastKnownFileType = sourcecode.c.h; path = PLMainNavigationController.h; sourceTree = "<group>"; };
		3EAAD4CB2032F31600F26053 /* PLHomeViewController.h */ = {isa = PBXFileReference; lastKnownFileType = sourcecode.c.h; path = PLHomeViewController.h; sourceTree = "<group>"; };
		3EAAD4CC2032F31600F26053 /* PLHomeViewController.m */ = {isa = PBXFileReference; lastKnownFileType = sourcecode.c.objc; path = PLHomeViewController.m; sourceTree = "<group>"; };
		3EAAD4D02032FF6900F26053 /* PLTransitions.h */ = {isa = PBXFileReference; lastKnownFileType = sourcecode.c.h; path = PLTransitions.h; sourceTree = "<group>"; };
		3EAAD4D12032FF6900F26053 /* PLTransitions.m */ = {isa = PBXFileReference; lastKnownFileType = sourcecode.c.objc; path = PLTransitions.m; sourceTree = "<group>"; };
		3EAAD4D42033001800F26053 /* PLFoldAnimationController.h */ = {isa = PBXFileReference; lastKnownFileType = sourcecode.c.h; path = PLFoldAnimationController.h; sourceTree = "<group>"; };
		3EAAD4D52033001800F26053 /* PLFoldAnimationController.m */ = {isa = PBXFileReference; lastKnownFileType = sourcecode.c.objc; path = PLFoldAnimationController.m; sourceTree = "<group>"; };
		3EAAD4D72033002C00F26053 /* PLZoomAnimationController.h */ = {isa = PBXFileReference; lastKnownFileType = sourcecode.c.h; path = PLZoomAnimationController.h; sourceTree = "<group>"; };
		3EAAD4D82033002C00F26053 /* PLZoomAnimationController.m */ = {isa = PBXFileReference; lastKnownFileType = sourcecode.c.objc; path = PLZoomAnimationController.m; sourceTree = "<group>"; };
		3EAAD4DA2033003F00F26053 /* PLDynamicTransition.h */ = {isa = PBXFileReference; lastKnownFileType = sourcecode.c.h; path = PLDynamicTransition.h; sourceTree = "<group>"; };
		3EAAD4DB2033003F00F26053 /* PLDynamicTransition.m */ = {isa = PBXFileReference; lastKnownFileType = sourcecode.c.objc; path = PLDynamicTransition.m; sourceTree = "<group>"; };
		3EAAD4DD203322D200F26053 /* PLEventsViewController.h */ = {isa = PBXFileReference; lastKnownFileType = sourcecode.c.h; path = PLEventsViewController.h; sourceTree = "<group>"; };
		3EAAD4DE203322D200F26053 /* PLEventsViewController.m */ = {isa = PBXFileReference; lastKnownFileType = sourcecode.c.objc; path = PLEventsViewController.m; sourceTree = "<group>"; };
		3EAAD4E0203322E800F26053 /* PLGalleryViewController.h */ = {isa = PBXFileReference; lastKnownFileType = sourcecode.c.h; path = PLGalleryViewController.h; sourceTree = "<group>"; };
		3EAAD4E1203322E800F26053 /* PLGalleryViewController.m */ = {isa = PBXFileReference; lastKnownFileType = sourcecode.c.objc; path = PLGalleryViewController.m; sourceTree = "<group>"; };
		3EAAD4E92033232700F26053 /* PLAboutUsViewController.h */ = {isa = PBXFileReference; lastKnownFileType = sourcecode.c.h; path = PLAboutUsViewController.h; sourceTree = "<group>"; };
		3EAAD4EA2033232700F26053 /* PLAboutUsViewController.m */ = {isa = PBXFileReference; lastKnownFileType = sourcecode.c.objc; path = PLAboutUsViewController.m; sourceTree = "<group>"; };
		3EAAD4EC2033233200F26053 /* PLContactUsViewController.h */ = {isa = PBXFileReference; lastKnownFileType = sourcecode.c.h; path = PLContactUsViewController.h; sourceTree = "<group>"; };
		3EAAD4ED2033233200F26053 /* PLContactUsViewController.m */ = {isa = PBXFileReference; lastKnownFileType = sourcecode.c.objc; path = PLContactUsViewController.m; sourceTree = "<group>"; };
		3EADA1332090C9BA00256BA8 /* CoreText.framework */ = {isa = PBXFileReference; lastKnownFileType = wrapper.framework; name = CoreText.framework; path = System/Library/Frameworks/CoreText.framework; sourceTree = SDKROOT; };
		3EADA1352090C9C400256BA8 /* CoreGraphics.framework */ = {isa = PBXFileReference; lastKnownFileType = wrapper.framework; name = CoreGraphics.framework; path = System/Library/Frameworks/CoreGraphics.framework; sourceTree = SDKROOT; };
		3EADA1372090C9D200256BA8 /* Foundation.framework */ = {isa = PBXFileReference; lastKnownFileType = wrapper.framework; name = Foundation.framework; path = System/Library/Frameworks/Foundation.framework; sourceTree = SDKROOT; };
		3EADA1392090C9DE00256BA8 /* MobileCoreServices.framework */ = {isa = PBXFileReference; lastKnownFileType = wrapper.framework; name = MobileCoreServices.framework; path = System/Library/Frameworks/MobileCoreServices.framework; sourceTree = SDKROOT; };
		3EADA13B2090C9EE00256BA8 /* QuickLook.framework */ = {isa = PBXFileReference; lastKnownFileType = wrapper.framework; name = QuickLook.framework; path = System/Library/Frameworks/QuickLook.framework; sourceTree = SDKROOT; };
		3EADA13D2090C9F300256BA8 /* Security.framework */ = {isa = PBXFileReference; lastKnownFileType = wrapper.framework; name = Security.framework; path = System/Library/Frameworks/Security.framework; sourceTree = SDKROOT; };
		3EADA13F2090C9FA00256BA8 /* SystemConfiguration.framework */ = {isa = PBXFileReference; lastKnownFileType = wrapper.framework; name = SystemConfiguration.framework; path = System/Library/Frameworks/SystemConfiguration.framework; sourceTree = SDKROOT; };
		3EADA1412090CA0400256BA8 /* UIKit.framework */ = {isa = PBXFileReference; lastKnownFileType = wrapper.framework; name = UIKit.framework; path = System/Library/Frameworks/UIKit.framework; sourceTree = SDKROOT; };
		3EADA1432090CA1600256BA8 /* libc++.tbd */ = {isa = PBXFileReference; lastKnownFileType = "sourcecode.text-based-dylib-definition"; name = "libc++.tbd"; path = "usr/lib/libc++.tbd"; sourceTree = SDKROOT; };
		3EADA1452090CA2200256BA8 /* libz.tbd */ = {isa = PBXFileReference; lastKnownFileType = "sourcecode.text-based-dylib-definition"; name = libz.tbd; path = usr/lib/libz.tbd; sourceTree = SDKROOT; };
		3EDAEC48206D48FA00F6D031 /* GoogleMobileAds.framework */ = {isa = PBXFileReference; lastKnownFileType = wrapper.framework; name = GoogleMobileAds.framework; path = "../../../Desktop/GoogleMobileAdsSdkiOS-7.30.0/GoogleMobileAds.framework"; sourceTree = "<group>"; };
		3EE3CC9920328E50005FD2A5 /* Placid.app */ = {isa = PBXFileReference; explicitFileType = wrapper.application; includeInIndex = 0; path = Placid.app; sourceTree = BUILT_PRODUCTS_DIR; };
		3EE3CC9C20328E50005FD2A5 /* AppDelegate.h */ = {isa = PBXFileReference; lastKnownFileType = sourcecode.c.h; path = AppDelegate.h; sourceTree = "<group>"; };
		3EE3CC9D20328E50005FD2A5 /* AppDelegate.m */ = {isa = PBXFileReference; lastKnownFileType = sourcecode.c.objc; path = AppDelegate.m; sourceTree = "<group>"; };
		3EE3CCA320328E50005FD2A5 /* Base */ = {isa = PBXFileReference; lastKnownFileType = file.storyboard; name = Base; path = Base.lproj/Main.storyboard; sourceTree = "<group>"; };
		3EE3CCA520328E50005FD2A5 /* Assets.xcassets */ = {isa = PBXFileReference; lastKnownFileType = folder.assetcatalog; path = Assets.xcassets; sourceTree = "<group>"; };
		3EE3CCA820328E50005FD2A5 /* Base */ = {isa = PBXFileReference; lastKnownFileType = file.storyboard; name = Base; path = Base.lproj/LaunchScreen.storyboard; sourceTree = "<group>"; };
		3EE3CCAA20328E50005FD2A5 /* Info.plist */ = {isa = PBXFileReference; lastKnownFileType = text.plist.xml; path = Info.plist; sourceTree = "<group>"; };
		3EE3CCAB20328E50005FD2A5 /* main.m */ = {isa = PBXFileReference; lastKnownFileType = sourcecode.c.objc; path = main.m; sourceTree = "<group>"; };
		3EE3CCB120328E50005FD2A5 /* PlacidTests.xctest */ = {isa = PBXFileReference; explicitFileType = wrapper.cfbundle; includeInIndex = 0; path = PlacidTests.xctest; sourceTree = BUILT_PRODUCTS_DIR; };
		3EE3CCB520328E50005FD2A5 /* PlacidTests.m */ = {isa = PBXFileReference; lastKnownFileType = sourcecode.c.objc; path = PlacidTests.m; sourceTree = "<group>"; };
		3EE3CCB720328E50005FD2A5 /* Info.plist */ = {isa = PBXFileReference; lastKnownFileType = text.plist.xml; path = Info.plist; sourceTree = "<group>"; };
		3EE3CCBC20328E50005FD2A5 /* PlacidUITests.xctest */ = {isa = PBXFileReference; explicitFileType = wrapper.cfbundle; includeInIndex = 0; path = PlacidUITests.xctest; sourceTree = BUILT_PRODUCTS_DIR; };
		3EE3CCC020328E50005FD2A5 /* PlacidUITests.m */ = {isa = PBXFileReference; lastKnownFileType = sourcecode.c.objc; path = PlacidUITests.m; sourceTree = "<group>"; };
		3EE3CCC220328E50005FD2A5 /* Info.plist */ = {isa = PBXFileReference; lastKnownFileType = text.plist.xml; path = Info.plist; sourceTree = "<group>"; };
		3EE3CCDA2032922F005FD2A5 /* EyadiniDebug.xcconfig */ = {isa = PBXFileReference; lastKnownFileType = text.xcconfig; path = EyadiniDebug.xcconfig; sourceTree = "<group>"; };
		3EE3CCDC20329242005FD2A5 /* EyadiniRelease.xcconfig */ = {isa = PBXFileReference; lastKnownFileType = text.xcconfig; path = EyadiniRelease.xcconfig; sourceTree = "<group>"; };
		3EEF19352052F4E800563DA1 /* PLCHTCollectionViewController.h */ = {isa = PBXFileReference; lastKnownFileType = sourcecode.c.h; path = PLCHTCollectionViewController.h; sourceTree = "<group>"; };
		3EEF19362052F4E800563DA1 /* PLCHTCollectionViewController.m */ = {isa = PBXFileReference; lastKnownFileType = sourcecode.c.objc; path = PLCHTCollectionViewController.m; sourceTree = "<group>"; };
		3EEF19382052F90300563DA1 /* CHTCollectionViewWaterfallCell.m */ = {isa = PBXFileReference; fileEncoding = 4; lastKnownFileType = sourcecode.c.objc; path = CHTCollectionViewWaterfallCell.m; sourceTree = "<group>"; };
		3EEF19392052F90300563DA1 /* CHTCollectionViewWaterfallCell.h */ = {isa = PBXFileReference; fileEncoding = 4; lastKnownFileType = sourcecode.c.h; path = CHTCollectionViewWaterfallCell.h; sourceTree = "<group>"; };
		3EEF193B2052F92900563DA1 /* CHTCollectionViewWaterfallHeader.h */ = {isa = PBXFileReference; fileEncoding = 4; lastKnownFileType = sourcecode.c.h; path = CHTCollectionViewWaterfallHeader.h; sourceTree = "<group>"; };
		3EEF193C2052F92900563DA1 /* CHTCollectionViewWaterfallFooter.h */ = {isa = PBXFileReference; fileEncoding = 4; lastKnownFileType = sourcecode.c.h; path = CHTCollectionViewWaterfallFooter.h; sourceTree = "<group>"; };
		3EEF193D2052F92900563DA1 /* CHTCollectionViewWaterfallFooter.m */ = {isa = PBXFileReference; fileEncoding = 4; lastKnownFileType = sourcecode.c.objc; path = CHTCollectionViewWaterfallFooter.m; sourceTree = "<group>"; };
		3EEF193E2052F92900563DA1 /* CHTCollectionViewWaterfallHeader.m */ = {isa = PBXFileReference; fileEncoding = 4; lastKnownFileType = sourcecode.c.objc; path = CHTCollectionViewWaterfallHeader.m; sourceTree = "<group>"; };
		3EEF19412052FE0000563DA1 /* PLFacebookAlbum.h */ = {isa = PBXFileReference; lastKnownFileType = sourcecode.c.h; path = PLFacebookAlbum.h; sourceTree = "<group>"; };
		3EEF19422052FE0000563DA1 /* PLFacebookAlbum.m */ = {isa = PBXFileReference; lastKnownFileType = sourcecode.c.objc; path = PLFacebookAlbum.m; sourceTree = "<group>"; };
		3EEF194420556B8A00563DA1 /* CHTCollectionViewWaterfallCell.xib */ = {isa = PBXFileReference; lastKnownFileType = file.xib; path = CHTCollectionViewWaterfallCell.xib; sourceTree = "<group>"; };
		3EEF194A2056F88200563DA1 /* PLEventTableViewCell.h */ = {isa = PBXFileReference; lastKnownFileType = sourcecode.c.h; path = PLEventTableViewCell.h; sourceTree = "<group>"; };
		3EEF194B2056F88200563DA1 /* PLEventTableViewCell.m */ = {isa = PBXFileReference; lastKnownFileType = sourcecode.c.objc; path = PLEventTableViewCell.m; sourceTree = "<group>"; };
		3EEF194C2056F88200563DA1 /* PLEventTableViewCell.xib */ = {isa = PBXFileReference; lastKnownFileType = file.xib; path = PLEventTableViewCell.xib; sourceTree = "<group>"; };
		3EEF194F2056FC2600563DA1 /* PLEvent.h */ = {isa = PBXFileReference; lastKnownFileType = sourcecode.c.h; path = PLEvent.h; sourceTree = "<group>"; };
		3EEF19502056FC2600563DA1 /* PLEvent.m */ = {isa = PBXFileReference; lastKnownFileType = sourcecode.c.objc; path = PLEvent.m; sourceTree = "<group>"; };
		3EEF19522057103D00563DA1 /* MapKit.framework */ = {isa = PBXFileReference; lastKnownFileType = wrapper.framework; name = MapKit.framework; path = System/Library/Frameworks/MapKit.framework; sourceTree = SDKROOT; };
		4BA78189AB41A201EE38451B /* Pods_PlacidUITests.framework */ = {isa = PBXFileReference; explicitFileType = wrapper.framework; includeInIndex = 0; path = Pods_PlacidUITests.framework; sourceTree = BUILT_PRODUCTS_DIR; };
		8C1918432611AA1E7EF20490 /* libPods-Placid.a */ = {isa = PBXFileReference; explicitFileType = archive.ar; includeInIndex = 0; path = "libPods-Placid.a"; sourceTree = BUILT_PRODUCTS_DIR; };
		A678BB36701F146BCE93A567 /* Pods-Placid.eyadinirelease.xcconfig */ = {isa = PBXFileReference; includeInIndex = 1; lastKnownFileType = text.xcconfig; name = "Pods-Placid.eyadinirelease.xcconfig"; path = "Pods/Target Support Files/Pods-Placid/Pods-Placid.eyadinirelease.xcconfig"; sourceTree = "<group>"; };
		BF72E720719BB874265BC411 /* Pods-Placid.maxidebug.xcconfig */ = {isa = PBXFileReference; includeInIndex = 1; lastKnownFileType = text.xcconfig; name = "Pods-Placid.maxidebug.xcconfig"; path = "Pods/Target Support Files/Pods-Placid/Pods-Placid.maxidebug.xcconfig"; sourceTree = "<group>"; };
		F62586C03B1689C15393EBD6 /* Pods-Placid.maxirelease.xcconfig */ = {isa = PBXFileReference; includeInIndex = 1; lastKnownFileType = text.xcconfig; name = "Pods-Placid.maxirelease.xcconfig"; path = "Pods/Target Support Files/Pods-Placid/Pods-Placid.maxirelease.xcconfig"; sourceTree = "<group>"; };
		F85A327F602D2BCC8E7B2A89 /* Pods_PlacidTests.framework */ = {isa = PBXFileReference; explicitFileType = wrapper.framework; includeInIndex = 0; path = Pods_PlacidTests.framework; sourceTree = BUILT_PRODUCTS_DIR; };
/* End PBXFileReference section */

/* Begin PBXFrameworksBuildPhase section */
		3EE3CC9620328E50005FD2A5 /* Frameworks */ = {
			isa = PBXFrameworksBuildPhase;
			buildActionMask = 2147483647;
			files = (
				3EADA1462090CA2200256BA8 /* libz.tbd in Frameworks */,
				3EADA1442090CA1600256BA8 /* libc++.tbd in Frameworks */,
				3EADA1422090CA0400256BA8 /* UIKit.framework in Frameworks */,
				3EADA1402090C9FA00256BA8 /* SystemConfiguration.framework in Frameworks */,
				3EADA13E2090C9F300256BA8 /* Security.framework in Frameworks */,
				3EADA13C2090C9EE00256BA8 /* QuickLook.framework in Frameworks */,
				3E46E7C4203C6053006274B1 /* QuartzCore.framework in Frameworks */,
				3EADA13A2090C9DE00256BA8 /* MobileCoreServices.framework in Frameworks */,
				3EADA1382090C9D200256BA8 /* Foundation.framework in Frameworks */,
				3EADA1362090C9C400256BA8 /* CoreGraphics.framework in Frameworks */,
				3EADA1342090C9BA00256BA8 /* CoreText.framework in Frameworks */,
				3E94670B208F2A3F000045AB /* CoreLocation.framework in Frameworks */,
				3E9466FC208E8F79000045AB /* TwitterCore.framework in Frameworks */,
				3EEF19532057103D00563DA1 /* MapKit.framework in Frameworks */,
				9AC83352EBE4AE06667CE809 /* libPods-Placid.a in Frameworks */,
				3E9466FA208E8F79000045AB /* TwitterKit.framework in Frameworks */,
			);
			runOnlyForDeploymentPostprocessing = 0;
		};
		3EE3CCAE20328E50005FD2A5 /* Frameworks */ = {
			isa = PBXFrameworksBuildPhase;
			buildActionMask = 2147483647;
			files = (
			);
			runOnlyForDeploymentPostprocessing = 0;
		};
		3EE3CCB920328E50005FD2A5 /* Frameworks */ = {
			isa = PBXFrameworksBuildPhase;
			buildActionMask = 2147483647;
			files = (
			);
			runOnlyForDeploymentPostprocessing = 0;
		};
/* End PBXFrameworksBuildPhase section */

/* Begin PBXGroup section */
		3E4DAEDD203336A200587BF8 /* Resources */ = {
			isa = PBXGroup;
			children = (
				3EAAD4D32032FFE500F26053 /* Transitions */,
				3E4DAEDE203336A200587BF8 /* Fonts */,
			);
			path = Resources;
			sourceTree = "<group>";
		};
		3E4DAEDE203336A200587BF8 /* Fonts */ = {
			isa = PBXGroup;
			children = (
				3E4DAEEF203373EE00587BF8 /* font.otf */,
				3E4DAEF0203373EE00587BF8 /* MyriadCondBold.otf */,
				3E4DAEEE203373ED00587BF8 /* MyriadPro-Cond.otf */,
				3E4DAEDF203336A200587BF8 /* FontAwesome.ttf */,
			);
			path = Fonts;
			sourceTree = "<group>";
		};
		3E4DAEE120333DF600587BF8 /* Cells */ = {
			isa = PBXGroup;
			children = (
				3EEF193C2052F92900563DA1 /* CHTCollectionViewWaterfallFooter.h */,
				3EEF193D2052F92900563DA1 /* CHTCollectionViewWaterfallFooter.m */,
				3EEF193B2052F92900563DA1 /* CHTCollectionViewWaterfallHeader.h */,
				3EEF193E2052F92900563DA1 /* CHTCollectionViewWaterfallHeader.m */,
				3EEF19392052F90300563DA1 /* CHTCollectionViewWaterfallCell.h */,
				3EEF19382052F90300563DA1 /* CHTCollectionViewWaterfallCell.m */,
				3E4DAEE220333E1D00587BF8 /* PLMainNavTableViewCell.h */,
				3E4DAEE320333E1D00587BF8 /* PLMainNavTableViewCell.m */,
				3E4DAEE420333E1D00587BF8 /* PLMainNavTableViewCell.xib */,
				3E4DAEFE2034F3BD00587BF8 /* PLFacebookFeedTableViewCell.h */,
				3E4DAEFF2034F3BD00587BF8 /* PLFacebookFeedTableViewCell.m */,
				3E4DAF002034F3BD00587BF8 /* PLFacebookFeedTableViewCell.xib */,
				3E46E7C5203C6482006274B1 /* PLProfileTableViewCell.h */,
				3E46E7C6203C6482006274B1 /* PLProfileTableViewCell.m */,
				3E46E7C7203C6482006274B1 /* PLProfileTableViewCell.xib */,
				3EEF194420556B8A00563DA1 /* CHTCollectionViewWaterfallCell.xib */,
				3EEF194A2056F88200563DA1 /* PLEventTableViewCell.h */,
				3EEF194B2056F88200563DA1 /* PLEventTableViewCell.m */,
				3EEF194C2056F88200563DA1 /* PLEventTableViewCell.xib */,
				3E946705208EAF2A000045AB /* PLInstagramTableViewCell.h */,
				3E946706208EAF2A000045AB /* PLInstagramTableViewCell.m */,
				3E946707208EAF2A000045AB /* PLInstagramTableViewCell.xib */,
			);
			path = Cells;
			sourceTree = "<group>";
		};
		3E4DAEE720334ABA00587BF8 /* Categories */ = {
			isa = PBXGroup;
			children = (
				3E4DAEEB20334B6000587BF8 /* UIImage+PLShadow.h */,
				3E4DAEEC20334B6000587BF8 /* UIImage+PLShadow.m */,
			);
			path = Categories;
			sourceTree = "<group>";
		};
		3E4DAEFA2034EF0400587BF8 /* Models */ = {
			isa = PBXGroup;
			children = (
				3E4DAEFB2034EF4200587BF8 /* PLFacebookFeedPost.h */,
				3E4DAEFC2034EF4200587BF8 /* PLFacebookFeedPost.m */,
				3E4DAF0F203C3D0800587BF8 /* PLUser.h */,
				3E4DAF10203C3D0800587BF8 /* PLUser.m */,
				3E268210203F2F2500DB625A /* PLSponsor.h */,
				3E268211203F2F2500DB625A /* PLSponsor.m */,
				3EEF19412052FE0000563DA1 /* PLFacebookAlbum.h */,
				3EEF19422052FE0000563DA1 /* PLFacebookAlbum.m */,
				3EEF194F2056FC2600563DA1 /* PLEvent.h */,
				3EEF19502056FC2600563DA1 /* PLEvent.m */,
				3E946702208EA15C000045AB /* PLInstagramFeed.h */,
				3E946703208EA15C000045AB /* PLInstagramFeed.m */,
			);
			path = Models;
			sourceTree = "<group>";
		};
		3EAAD4B42032CF8D00F26053 /* API */ = {
			isa = PBXGroup;
			children = (
				3EAAD4B82032DEE600F26053 /* PLAPICLient.h */,
				3EAAD4B92032DEE600F26053 /* PLAPICLient.m */,
				3E4DAEFA2034EF0400587BF8 /* Models */,
			);
			path = API;
			sourceTree = "<group>";
		};
		3EAAD4BB2032DF5300F26053 /* Constants */ = {
			isa = PBXGroup;
			children = (
				3EAAD4BC2032DF7D00F26053 /* PLConstants.h */,
				3EAAD4BF2032E22A00F26053 /* EyadiniPLConstants.m */,
			);
			path = Constants;
			sourceTree = "<group>";
		};
		3EAAD4C72032ECDC00F26053 /* MainNav */ = {
			isa = PBXGroup;
			children = (
				3E4DAF0D203C1B4200587BF8 /* PLMainNavigationController.m */,
				3EAAD4C82032ED0000F26053 /* PLMainNavigationController.h */,
				3EAAD4D02032FF6900F26053 /* PLTransitions.h */,
				3EAAD4D12032FF6900F26053 /* PLTransitions.m */,
			);
			path = MainNav;
			sourceTree = "<group>";
		};
		3EAAD4D32032FFE500F26053 /* Transitions */ = {
			isa = PBXGroup;
			children = (
				3EAAD4D42033001800F26053 /* PLFoldAnimationController.h */,
				3EAAD4D52033001800F26053 /* PLFoldAnimationController.m */,
				3EAAD4D72033002C00F26053 /* PLZoomAnimationController.h */,
				3EAAD4D82033002C00F26053 /* PLZoomAnimationController.m */,
				3EAAD4DA2033003F00F26053 /* PLDynamicTransition.h */,
				3EAAD4DB2033003F00F26053 /* PLDynamicTransition.m */,
			);
			path = Transitions;
			sourceTree = "<group>";
		};
		3EE3CC9020328E50005FD2A5 = {
			isa = PBXGroup;
			children = (
				3EE3CCDC20329242005FD2A5 /* EyadiniRelease.xcconfig */,
				3EE3CCDA2032922F005FD2A5 /* EyadiniDebug.xcconfig */,
				3EE3CC9B20328E50005FD2A5 /* Placid */,
				3EE3CCB420328E50005FD2A5 /* PlacidTests */,
				3EE3CCBF20328E50005FD2A5 /* PlacidUITests */,
				3EE3CC9A20328E50005FD2A5 /* Products */,
				9C39D0602E83EF10791DDCE0 /* Pods */,
				53F3AF4D3D639116E84D5398 /* Frameworks */,
			);
			sourceTree = "<group>";
		};
		3EE3CC9A20328E50005FD2A5 /* Products */ = {
			isa = PBXGroup;
			children = (
				3EE3CC9920328E50005FD2A5 /* Placid.app */,
				3EE3CCB120328E50005FD2A5 /* PlacidTests.xctest */,
				3EE3CCBC20328E50005FD2A5 /* PlacidUITests.xctest */,
			);
			name = Products;
			sourceTree = "<group>";
		};
		3EE3CC9B20328E50005FD2A5 /* Placid */ = {
			isa = PBXGroup;
			children = (
				3E514D9F209F7EC4009625EC /* GoogleService-Info.plist */,
				3E9466F3208E8F78000045AB /* Twitter.plist */,
				3E9466F7208E8F79000045AB /* TwitterCore.framework */,
				3E9466F5208E8F79000045AB /* TwitterKit.framework */,
				3E9466F4208E8F78000045AB /* TwitterKitResources.bundle */,
				3E9466F6208E8F79000045AB /* TwitterShareExtensionUIResources.bundle */,
				3EEF19342052F3FF00563DA1 /* ReUsableViews */,
				3EAAD4B42032CF8D00F26053 /* API */,
				3E4DAEE720334ABA00587BF8 /* Categories */,
				3E4DAEE120333DF600587BF8 /* Cells */,
				3EAAD4BB2032DF5300F26053 /* Constants */,
				3EE3CCE42032C2AA005FD2A5 /* Delegates */,
				3EAAD4C72032ECDC00F26053 /* MainNav */,
				3E4DAEDD203336A200587BF8 /* Resources */,
				3EE3CCE32032C1E0005FD2A5 /* ViewControllers */,
				3EE3CCA220328E50005FD2A5 /* Main.storyboard */,
				3EE3CCA520328E50005FD2A5 /* Assets.xcassets */,
				3EE3CCA720328E50005FD2A5 /* LaunchScreen.storyboard */,
				3EE3CCAA20328E50005FD2A5 /* Info.plist */,
				3EE3CCAB20328E50005FD2A5 /* main.m */,
			);
			path = Placid;
			sourceTree = "<group>";
		};
		3EE3CCB420328E50005FD2A5 /* PlacidTests */ = {
			isa = PBXGroup;
			children = (
				3EE3CCB520328E50005FD2A5 /* PlacidTests.m */,
				3EE3CCB720328E50005FD2A5 /* Info.plist */,
			);
			path = PlacidTests;
			sourceTree = "<group>";
		};
		3EE3CCBF20328E50005FD2A5 /* PlacidUITests */ = {
			isa = PBXGroup;
			children = (
				3EE3CCC020328E50005FD2A5 /* PlacidUITests.m */,
				3EE3CCC220328E50005FD2A5 /* Info.plist */,
			);
			path = PlacidUITests;
			sourceTree = "<group>";
		};
		3EE3CCE32032C1E0005FD2A5 /* ViewControllers */ = {
			isa = PBXGroup;
			children = (
				3EAAD4C32032EB3A00F26053 /* PLBaseViewController.h */,
				3EAAD4C42032EB3B00F26053 /* PLBaseViewController.m */,
				3EAAD4CB2032F31600F26053 /* PLHomeViewController.h */,
				3EAAD4CC2032F31600F26053 /* PLHomeViewController.m */,
				3EAAD4DD203322D200F26053 /* PLEventsViewController.h */,
				3EAAD4DE203322D200F26053 /* PLEventsViewController.m */,
				3EAAD4E0203322E800F26053 /* PLGalleryViewController.h */,
				3EAAD4E1203322E800F26053 /* PLGalleryViewController.m */,
				3EAAD4E92033232700F26053 /* PLAboutUsViewController.h */,
				3EAAD4EA2033232700F26053 /* PLAboutUsViewController.m */,
				3EAAD4EC2033233200F26053 /* PLContactUsViewController.h */,
				3EAAD4ED2033233200F26053 /* PLContactUsViewController.m */,
				3E4DAEF42034119900587BF8 /* PLMyProfileViewController.h */,
				3E4DAEF52034119900587BF8 /* PLMyProfileViewController.m */,
				3E4DAEF7203444DF00587BF8 /* PLSocialNetworksViewController.h */,
				3E4DAEF8203444DF00587BF8 /* PLSocialNetworksViewController.m */,
				3E4DAF0A203BF80300587BF8 /* PLLoginViewController.h */,
				3E4DAF0B203BF80300587BF8 /* PLLoginViewController.m */,
				3E9466EE208E8707000045AB /* PLInstagramTableViewController.h */,
				3E9466EF208E8707000045AB /* PLInstagramTableViewController.m */,
				3E9466F0208E8707000045AB /* PLInstagramTableViewController.xib */,
				3E9466FD208E9024000045AB /* PLTwitterViewController.h */,
				3E9466FE208E9024000045AB /* PLTwitterViewController.m */,
				3E9466FF208E9024000045AB /* PLTwitterViewController.xib */,
			);
			path = ViewControllers;
			sourceTree = "<group>";
		};
		3EE3CCE42032C2AA005FD2A5 /* Delegates */ = {
			isa = PBXGroup;
			children = (
				3EE3CC9C20328E50005FD2A5 /* AppDelegate.h */,
				3EE3CC9D20328E50005FD2A5 /* AppDelegate.m */,
			);
			path = Delegates;
			sourceTree = "<group>";
		};
		3EEF19342052F3FF00563DA1 /* ReUsableViews */ = {
			isa = PBXGroup;
			children = (
				3EEF19352052F4E800563DA1 /* PLCHTCollectionViewController.h */,
				3EEF19362052F4E800563DA1 /* PLCHTCollectionViewController.m */,
			);
			path = ReUsableViews;
			sourceTree = "<group>";
		};
		53F3AF4D3D639116E84D5398 /* Frameworks */ = {
			isa = PBXGroup;
			children = (
				3EADA1452090CA2200256BA8 /* libz.tbd */,
				3EADA1432090CA1600256BA8 /* libc++.tbd */,
				3EADA1412090CA0400256BA8 /* UIKit.framework */,
				3EADA13F2090C9FA00256BA8 /* SystemConfiguration.framework */,
				3EADA13D2090C9F300256BA8 /* Security.framework */,
				3EADA13B2090C9EE00256BA8 /* QuickLook.framework */,
				3EADA1392090C9DE00256BA8 /* MobileCoreServices.framework */,
				3EADA1372090C9D200256BA8 /* Foundation.framework */,
				3EADA1352090C9C400256BA8 /* CoreGraphics.framework */,
				3EADA1332090C9BA00256BA8 /* CoreText.framework */,
				3E94670A208F2A3E000045AB /* CoreLocation.framework */,
				3EDAEC48206D48FA00F6D031 /* GoogleMobileAds.framework */,
				3EEF19522057103D00563DA1 /* MapKit.framework */,
				3E46E7C3203C6053006274B1 /* QuartzCore.framework */,
				F85A327F602D2BCC8E7B2A89 /* Pods_PlacidTests.framework */,
				4BA78189AB41A201EE38451B /* Pods_PlacidUITests.framework */,
				8C1918432611AA1E7EF20490 /* libPods-Placid.a */,
			);
			name = Frameworks;
			sourceTree = "<group>";
		};
		9C39D0602E83EF10791DDCE0 /* Pods */ = {
			isa = PBXGroup;
			children = (
				3D6B71264106057E6E08E212 /* Pods-Placid.eyadinidebug.xcconfig */,
				A678BB36701F146BCE93A567 /* Pods-Placid.eyadinirelease.xcconfig */,
				BF72E720719BB874265BC411 /* Pods-Placid.maxidebug.xcconfig */,
				F62586C03B1689C15393EBD6 /* Pods-Placid.maxirelease.xcconfig */,
			);
			name = Pods;
			sourceTree = "<group>";
		};
/* End PBXGroup section */

/* Begin PBXNativeTarget section */
		3EE3CC9820328E50005FD2A5 /* Placid */ = {
			isa = PBXNativeTarget;
			buildConfigurationList = 3EE3CCC520328E50005FD2A5 /* Build configuration list for PBXNativeTarget "Placid" */;
			buildPhases = (
				671F95053B456BCA868DBAE6 /* [CP] Check Pods Manifest.lock */,
				3EE3CC9520328E50005FD2A5 /* Sources */,
				3EE3CC9620328E50005FD2A5 /* Frameworks */,
				3EE3CC9720328E50005FD2A5 /* Resources */,
				235A20C1808F208B8212357E /* [CP] Embed Pods Frameworks */,
				206CE949737237116906F8D2 /* [CP] Copy Pods Resources */,
			);
			buildRules = (
			);
			dependencies = (
			);
			name = Placid;
			productName = Placid;
			productReference = 3EE3CC9920328E50005FD2A5 /* Placid.app */;
			productType = "com.apple.product-type.application";
		};
		3EE3CCB020328E50005FD2A5 /* PlacidTests */ = {
			isa = PBXNativeTarget;
			buildConfigurationList = 3EE3CCC820328E50005FD2A5 /* Build configuration list for PBXNativeTarget "PlacidTests" */;
			buildPhases = (
				3EE3CCAD20328E50005FD2A5 /* Sources */,
				3EE3CCAE20328E50005FD2A5 /* Frameworks */,
				3EE3CCAF20328E50005FD2A5 /* Resources */,
			);
			buildRules = (
			);
			dependencies = (
				3EE3CCB320328E50005FD2A5 /* PBXTargetDependency */,
			);
			name = PlacidTests;
			productName = PlacidTests;
			productReference = 3EE3CCB120328E50005FD2A5 /* PlacidTests.xctest */;
			productType = "com.apple.product-type.bundle.unit-test";
		};
		3EE3CCBB20328E50005FD2A5 /* PlacidUITests */ = {
			isa = PBXNativeTarget;
			buildConfigurationList = 3EE3CCCB20328E50005FD2A5 /* Build configuration list for PBXNativeTarget "PlacidUITests" */;
			buildPhases = (
				3EE3CCB820328E50005FD2A5 /* Sources */,
				3EE3CCB920328E50005FD2A5 /* Frameworks */,
				3EE3CCBA20328E50005FD2A5 /* Resources */,
			);
			buildRules = (
			);
			dependencies = (
				3EE3CCBE20328E50005FD2A5 /* PBXTargetDependency */,
			);
			name = PlacidUITests;
			productName = PlacidUITests;
			productReference = 3EE3CCBC20328E50005FD2A5 /* PlacidUITests.xctest */;
			productType = "com.apple.product-type.bundle.ui-testing";
		};
/* End PBXNativeTarget section */

/* Begin PBXProject section */
		3EE3CC9120328E50005FD2A5 /* Project object */ = {
			isa = PBXProject;
			attributes = {
				LastUpgradeCheck = 0920;
				ORGANIZATIONNAME = StrapBlaque;
				TargetAttributes = {
					3EE3CC9820328E50005FD2A5 = {
						CreatedOnToolsVersion = 9.2;
						ProvisioningStyle = Automatic;
						SystemCapabilities = {
							com.apple.BackgroundModes = {
								enabled = 1;
							};
							com.apple.Maps.iOS = {
								enabled = 1;
							};
						};
					};
					3EE3CCB020328E50005FD2A5 = {
						CreatedOnToolsVersion = 9.2;
						ProvisioningStyle = Automatic;
						TestTargetID = 3EE3CC9820328E50005FD2A5;
					};
					3EE3CCBB20328E50005FD2A5 = {
						CreatedOnToolsVersion = 9.2;
						ProvisioningStyle = Automatic;
						TestTargetID = 3EE3CC9820328E50005FD2A5;
					};
				};
			};
			buildConfigurationList = 3EE3CC9420328E50005FD2A5 /* Build configuration list for PBXProject "Placid" */;
			compatibilityVersion = "Xcode 8.0";
			developmentRegion = en;
			hasScannedForEncodings = 0;
			knownRegions = (
				en,
				Base,
			);
			mainGroup = 3EE3CC9020328E50005FD2A5;
			productRefGroup = 3EE3CC9A20328E50005FD2A5 /* Products */;
			projectDirPath = "";
			projectRoot = "";
			targets = (
				3EE3CC9820328E50005FD2A5 /* Placid */,
				3EE3CCB020328E50005FD2A5 /* PlacidTests */,
				3EE3CCBB20328E50005FD2A5 /* PlacidUITests */,
			);
		};
/* End PBXProject section */

/* Begin PBXResourcesBuildPhase section */
		3EE3CC9720328E50005FD2A5 /* Resources */ = {
			isa = PBXResourcesBuildPhase;
			buildActionMask = 2147483647;
			files = (
				3EE3CCA920328E50005FD2A5 /* LaunchScreen.storyboard in Resources */,
				3E4DAEE620333E1D00587BF8 /* PLMainNavTableViewCell.xib in Resources */,
				3E9466F2208E8707000045AB /* PLInstagramTableViewController.xib in Resources */,
				3E9466F9208E8F79000045AB /* TwitterKitResources.bundle in Resources */,
				3E4DAF022034F3BD00587BF8 /* PLFacebookFeedTableViewCell.xib in Resources */,
				3E4E9868204826FA00E1E598 /* Assets.xcassets in Resources */,
				3EE3CCE12032926E005FD2A5 /* EyadiniRelease.xcconfig in Resources */,
				3E4DAEF2203373EE00587BF8 /* font.otf in Resources */,
				3E946701208E9024000045AB /* PLTwitterViewController.xib in Resources */,
				3E4DAEE0203336A200587BF8 /* FontAwesome.ttf in Resources */,
				3E4DAEF1203373EE00587BF8 /* MyriadPro-Cond.otf in Resources */,
				3E9466F8208E8F79000045AB /* Twitter.plist in Resources */,
				3E4DAEF3203373EE00587BF8 /* MyriadCondBold.otf in Resources */,
				3EEF194E2056F88200563DA1 /* PLEventTableViewCell.xib in Resources */,
				3EEF194520556B8A00563DA1 /* CHTCollectionViewWaterfallCell.xib in Resources */,
				3E9466FB208E8F79000045AB /* TwitterShareExtensionUIResources.bundle in Resources */,
				3E514DA0209F7EC5009625EC /* GoogleService-Info.plist in Resources */,
				3E946709208EAF2A000045AB /* PLInstagramTableViewCell.xib in Resources */,
				3EE3CCDB2032922F005FD2A5 /* EyadiniDebug.xcconfig in Resources */,
				3E46E7C9203C6482006274B1 /* PLProfileTableViewCell.xib in Resources */,
				3EE3CCA420328E50005FD2A5 /* Main.storyboard in Resources */,
			);
			runOnlyForDeploymentPostprocessing = 0;
		};
		3EE3CCAF20328E50005FD2A5 /* Resources */ = {
			isa = PBXResourcesBuildPhase;
			buildActionMask = 2147483647;
			files = (
			);
			runOnlyForDeploymentPostprocessing = 0;
		};
		3EE3CCBA20328E50005FD2A5 /* Resources */ = {
			isa = PBXResourcesBuildPhase;
			buildActionMask = 2147483647;
			files = (
			);
			runOnlyForDeploymentPostprocessing = 0;
		};
/* End PBXResourcesBuildPhase section */

/* Begin PBXShellScriptBuildPhase section */
		206CE949737237116906F8D2 /* [CP] Copy Pods Resources */ = {
			isa = PBXShellScriptBuildPhase;
			buildActionMask = 2147483647;
			files = (
			);
			inputPaths = (
				"${SRCROOT}/Pods/Target Support Files/Pods-Placid/Pods-Placid-resources.sh",
				"${PODS_ROOT}/AAShareBubbles/AAShareBubbles/AAShareBubbles.bundle",
				"${PODS_ROOT}/FBSDKCoreKit/FacebookSDKStrings.bundle",
				"${PODS_ROOT}/FontAwesome/Resources/FontAwesome.ttf",
				"${PODS_CONFIGURATION_BUILD_DIR}/HockeySDK/HockeySDKResources.bundle",
				"${PODS_CONFIGURATION_BUILD_DIR}/MWPhotoBrowser/MWPhotoBrowser.bundle",
				"${PODS_ROOT}/NSDate+TimeAgo/NSDateTimeAgo.bundle",
				"${PODS_CONFIGURATION_BUILD_DIR}/NYTPhotoViewer/NYTPhotoViewer.bundle",
				"${PODS_ROOT}/SVProgressHUD/SVProgressHUD/SVProgressHUD.bundle",
			);
			name = "[CP] Copy Pods Resources";
			outputPaths = (
				"${TARGET_BUILD_DIR}/${UNLOCALIZED_RESOURCES_FOLDER_PATH}/AAShareBubbles.bundle",
				"${TARGET_BUILD_DIR}/${UNLOCALIZED_RESOURCES_FOLDER_PATH}/FacebookSDKStrings.bundle",
				"${TARGET_BUILD_DIR}/${UNLOCALIZED_RESOURCES_FOLDER_PATH}/FontAwesome.ttf",
				"${TARGET_BUILD_DIR}/${UNLOCALIZED_RESOURCES_FOLDER_PATH}/HockeySDKResources.bundle",
				"${TARGET_BUILD_DIR}/${UNLOCALIZED_RESOURCES_FOLDER_PATH}/MWPhotoBrowser.bundle",
				"${TARGET_BUILD_DIR}/${UNLOCALIZED_RESOURCES_FOLDER_PATH}/NSDateTimeAgo.bundle",
				"${TARGET_BUILD_DIR}/${UNLOCALIZED_RESOURCES_FOLDER_PATH}/NYTPhotoViewer.bundle",
				"${TARGET_BUILD_DIR}/${UNLOCALIZED_RESOURCES_FOLDER_PATH}/SVProgressHUD.bundle",
			);
			runOnlyForDeploymentPostprocessing = 0;
			shellPath = /bin/sh;
			shellScript = "\"${SRCROOT}/Pods/Target Support Files/Pods-Placid/Pods-Placid-resources.sh\"\n";
			showEnvVarsInLog = 0;
		};
		235A20C1808F208B8212357E /* [CP] Embed Pods Frameworks */ = {
			isa = PBXShellScriptBuildPhase;
			buildActionMask = 2147483647;
			files = (
			);
			inputPaths = (
				"${SRCROOT}/Pods/Target Support Files/Pods-Placid/Pods-Placid-frameworks.sh",
				"${BUILT_PRODUCTS_DIR}/AFNetworking/AFNetworking.framework",
				"${BUILT_PRODUCTS_DIR}/ECSlidingViewController/ECSlidingViewController.framework",
				"${BUILT_PRODUCTS_DIR}/JSONModel/JSONModel.framework",
				"${BUILT_PRODUCTS_DIR}/PureLayout/PureLayout.framework",
			);
			name = "[CP] Embed Pods Frameworks";
			outputPaths = (
				"${TARGET_BUILD_DIR}/${FRAMEWORKS_FOLDER_PATH}/AFNetworking.framework",
				"${TARGET_BUILD_DIR}/${FRAMEWORKS_FOLDER_PATH}/ECSlidingViewController.framework",
				"${TARGET_BUILD_DIR}/${FRAMEWORKS_FOLDER_PATH}/JSONModel.framework",
				"${TARGET_BUILD_DIR}/${FRAMEWORKS_FOLDER_PATH}/PureLayout.framework",
			);
			runOnlyForDeploymentPostprocessing = 0;
			shellPath = /bin/sh;
			shellScript = "\"${SRCROOT}/Pods/Target Support Files/Pods-Placid/Pods-Placid-frameworks.sh\"\n";
			showEnvVarsInLog = 0;
		};
		671F95053B456BCA868DBAE6 /* [CP] Check Pods Manifest.lock */ = {
			isa = PBXShellScriptBuildPhase;
			buildActionMask = 2147483647;
			files = (
			);
			inputPaths = (
				"${PODS_PODFILE_DIR_PATH}/Podfile.lock",
				"${PODS_ROOT}/Manifest.lock",
			);
			name = "[CP] Check Pods Manifest.lock";
			outputPaths = (
				"$(DERIVED_FILE_DIR)/Pods-Placid-checkManifestLockResult.txt",
			);
			runOnlyForDeploymentPostprocessing = 0;
			shellPath = /bin/sh;
			shellScript = "diff \"${PODS_PODFILE_DIR_PATH}/Podfile.lock\" \"${PODS_ROOT}/Manifest.lock\" > /dev/null\nif [ $? != 0 ] ; then\n    # print error to STDERR\n    echo \"error: The sandbox is not in sync with the Podfile.lock. Run 'pod install' or update your CocoaPods installation.\" >&2\n    exit 1\nfi\n# This output is used by Xcode 'outputs' to avoid re-running this script phase.\necho \"SUCCESS\" > \"${SCRIPT_OUTPUT_FILE_0}\"\n";
			showEnvVarsInLog = 0;
		};
/* End PBXShellScriptBuildPhase section */

/* Begin PBXSourcesBuildPhase section */
		3EE3CC9520328E50005FD2A5 /* Sources */ = {
			isa = PBXSourcesBuildPhase;
			buildActionMask = 2147483647;
			files = (
				3E4DAF11203C3D0800587BF8 /* PLUser.m in Sources */,
				3E4DAEF62034119900587BF8 /* PLMyProfileViewController.m in Sources */,
				3E46E7C8203C6482006274B1 /* PLProfileTableViewCell.m in Sources */,
				3EEF193F2052F92A00563DA1 /* CHTCollectionViewWaterfallFooter.m in Sources */,
				3E4DAEE520333E1D00587BF8 /* PLMainNavTableViewCell.m in Sources */,
				3EEF19402052F92A00563DA1 /* CHTCollectionViewWaterfallHeader.m in Sources */,
				3E946708208EAF2A000045AB /* PLInstagramTableViewCell.m in Sources */,
				3EEF193A2052F90300563DA1 /* CHTCollectionViewWaterfallCell.m in Sources */,
				3EAAD4C52032EB3B00F26053 /* PLBaseViewController.m in Sources */,
				3E4DAF0C203BF80300587BF8 /* PLLoginViewController.m in Sources */,
				3E9466F1208E8707000045AB /* PLInstagramTableViewController.m in Sources */,
				3E4DAF012034F3BD00587BF8 /* PLFacebookFeedTableViewCell.m in Sources */,
				3EEF19512056FC2600563DA1 /* PLEvent.m in Sources */,
				3EAAD4C02032E22A00F26053 /* EyadiniPLConstants.m in Sources */,
				3EAAD4D22032FF6900F26053 /* PLTransitions.m in Sources */,
				3E4DAEF9203444DF00587BF8 /* PLSocialNetworksViewController.m in Sources */,
				3E4DAEED20334B6000587BF8 /* UIImage+PLShadow.m in Sources */,
				3EEF19372052F4E800563DA1 /* PLCHTCollectionViewController.m in Sources */,
				3E268212203F2F2500DB625A /* PLSponsor.m in Sources */,
				3E4DAF0E203C1B4200587BF8 /* PLMainNavigationController.m in Sources */,
				3EAAD4DC2033003F00F26053 /* PLDynamicTransition.m in Sources */,
				3E4DAEFD2034EF4200587BF8 /* PLFacebookFeedPost.m in Sources */,
				3EEF194D2056F88200563DA1 /* PLEventTableViewCell.m in Sources */,
				3EEF19432052FE0000563DA1 /* PLFacebookAlbum.m in Sources */,
				3E946704208EA15C000045AB /* PLInstagramFeed.m in Sources */,
				3EAAD4EE2033233200F26053 /* PLContactUsViewController.m in Sources */,
				3EAAD4BA2032DEE600F26053 /* PLAPICLient.m in Sources */,
				3EAAD4E2203322E800F26053 /* PLGalleryViewController.m in Sources */,
				3EAAD4CE2032F31600F26053 /* PLHomeViewController.m in Sources */,
				3E946700208E9024000045AB /* PLTwitterViewController.m in Sources */,
				3EAAD4DF203322D200F26053 /* PLEventsViewController.m in Sources */,
				3EAAD4D62033001800F26053 /* PLFoldAnimationController.m in Sources */,
				3EE3CCAC20328E50005FD2A5 /* main.m in Sources */,
				3EE3CC9E20328E50005FD2A5 /* AppDelegate.m in Sources */,
				3EAAD4EB2033232700F26053 /* PLAboutUsViewController.m in Sources */,
				3EAAD4D92033002C00F26053 /* PLZoomAnimationController.m in Sources */,
			);
			runOnlyForDeploymentPostprocessing = 0;
		};
		3EE3CCAD20328E50005FD2A5 /* Sources */ = {
			isa = PBXSourcesBuildPhase;
			buildActionMask = 2147483647;
			files = (
				3EE3CCB620328E50005FD2A5 /* PlacidTests.m in Sources */,
			);
			runOnlyForDeploymentPostprocessing = 0;
		};
		3EE3CCB820328E50005FD2A5 /* Sources */ = {
			isa = PBXSourcesBuildPhase;
			buildActionMask = 2147483647;
			files = (
				3EE3CCC120328E50005FD2A5 /* PlacidUITests.m in Sources */,
			);
			runOnlyForDeploymentPostprocessing = 0;
		};
/* End PBXSourcesBuildPhase section */

/* Begin PBXTargetDependency section */
		3EE3CCB320328E50005FD2A5 /* PBXTargetDependency */ = {
			isa = PBXTargetDependency;
			target = 3EE3CC9820328E50005FD2A5 /* Placid */;
			targetProxy = 3EE3CCB220328E50005FD2A5 /* PBXContainerItemProxy */;
		};
		3EE3CCBE20328E50005FD2A5 /* PBXTargetDependency */ = {
			isa = PBXTargetDependency;
			target = 3EE3CC9820328E50005FD2A5 /* Placid */;
			targetProxy = 3EE3CCBD20328E50005FD2A5 /* PBXContainerItemProxy */;
		};
/* End PBXTargetDependency section */

/* Begin PBXVariantGroup section */
		3EE3CCA220328E50005FD2A5 /* Main.storyboard */ = {
			isa = PBXVariantGroup;
			children = (
				3EE3CCA320328E50005FD2A5 /* Base */,
			);
			name = Main.storyboard;
			sourceTree = "<group>";
		};
		3EE3CCA720328E50005FD2A5 /* LaunchScreen.storyboard */ = {
			isa = PBXVariantGroup;
			children = (
				3EE3CCA820328E50005FD2A5 /* Base */,
			);
			name = LaunchScreen.storyboard;
			sourceTree = "<group>";
		};
/* End PBXVariantGroup section */

/* Begin XCBuildConfiguration section */
		3EE3CCC320328E50005FD2A5 /* EyadiniDebug */ = {
			isa = XCBuildConfiguration;
			baseConfigurationReference = 3EE3CCDA2032922F005FD2A5 /* EyadiniDebug.xcconfig */;
			buildSettings = {
				ALWAYS_SEARCH_USER_PATHS = NO;
				CLANG_ANALYZER_NONNULL = YES;
				CLANG_ANALYZER_NUMBER_OBJECT_CONVERSION = YES_AGGRESSIVE;
				CLANG_CXX_LANGUAGE_STANDARD = "gnu++14";
				CLANG_CXX_LIBRARY = "libc++";
				CLANG_ENABLE_MODULES = YES;
				CLANG_ENABLE_OBJC_ARC = YES;
				CLANG_WARN_BLOCK_CAPTURE_AUTORELEASING = YES;
				CLANG_WARN_BOOL_CONVERSION = YES;
				CLANG_WARN_COMMA = YES;
				CLANG_WARN_CONSTANT_CONVERSION = YES;
				CLANG_WARN_DIRECT_OBJC_ISA_USAGE = YES_ERROR;
				CLANG_WARN_DOCUMENTATION_COMMENTS = YES;
				CLANG_WARN_EMPTY_BODY = YES;
				CLANG_WARN_ENUM_CONVERSION = YES;
				CLANG_WARN_INFINITE_RECURSION = YES;
				CLANG_WARN_INT_CONVERSION = YES;
				CLANG_WARN_NON_LITERAL_NULL_CONVERSION = YES;
				CLANG_WARN_OBJC_LITERAL_CONVERSION = YES;
				CLANG_WARN_OBJC_ROOT_CLASS = YES_ERROR;
				CLANG_WARN_RANGE_LOOP_ANALYSIS = YES;
				CLANG_WARN_STRICT_PROTOTYPES = YES;
				CLANG_WARN_SUSPICIOUS_MOVE = YES;
				CLANG_WARN_UNGUARDED_AVAILABILITY = YES_AGGRESSIVE;
				CLANG_WARN_UNREACHABLE_CODE = YES;
				CLANG_WARN__DUPLICATE_METHOD_MATCH = YES;
				CODE_SIGN_IDENTITY = "iPhone Developer";
				COPY_PHASE_STRIP = NO;
				DEBUG_INFORMATION_FORMAT = dwarf;
				ENABLE_STRICT_OBJC_MSGSEND = YES;
				ENABLE_TESTABILITY = YES;
				GCC_C_LANGUAGE_STANDARD = gnu11;
				GCC_DYNAMIC_NO_PIC = NO;
				GCC_NO_COMMON_BLOCKS = YES;
				GCC_OPTIMIZATION_LEVEL = 0;
				GCC_PREPROCESSOR_DEFINITIONS = (
					"DEBUG=1",
					"$(inherited)",
					"EYADINI=1",
				);
				GCC_WARN_64_TO_32_BIT_CONVERSION = YES;
				GCC_WARN_ABOUT_RETURN_TYPE = YES_ERROR;
				GCC_WARN_UNDECLARED_SELECTOR = YES;
				GCC_WARN_UNINITIALIZED_AUTOS = YES_AGGRESSIVE;
				GCC_WARN_UNUSED_FUNCTION = YES;
				GCC_WARN_UNUSED_VARIABLE = YES;
				IPHONEOS_DEPLOYMENT_TARGET = 11.2;
				MTL_ENABLE_DEBUG_INFO = YES;
				ONLY_ACTIVE_ARCH = YES;
				SDKROOT = iphoneos;
			};
			name = EyadiniDebug;
		};
		3EE3CCC420328E50005FD2A5 /* EyadiniRelease */ = {
			isa = XCBuildConfiguration;
			baseConfigurationReference = 3EE3CCDC20329242005FD2A5 /* EyadiniRelease.xcconfig */;
			buildSettings = {
				ALWAYS_SEARCH_USER_PATHS = NO;
				CLANG_ANALYZER_NONNULL = YES;
				CLANG_ANALYZER_NUMBER_OBJECT_CONVERSION = YES_AGGRESSIVE;
				CLANG_CXX_LANGUAGE_STANDARD = "gnu++14";
				CLANG_CXX_LIBRARY = "libc++";
				CLANG_ENABLE_MODULES = YES;
				CLANG_ENABLE_OBJC_ARC = YES;
				CLANG_WARN_BLOCK_CAPTURE_AUTORELEASING = YES;
				CLANG_WARN_BOOL_CONVERSION = YES;
				CLANG_WARN_COMMA = YES;
				CLANG_WARN_CONSTANT_CONVERSION = YES;
				CLANG_WARN_DIRECT_OBJC_ISA_USAGE = YES_ERROR;
				CLANG_WARN_DOCUMENTATION_COMMENTS = YES;
				CLANG_WARN_EMPTY_BODY = YES;
				CLANG_WARN_ENUM_CONVERSION = YES;
				CLANG_WARN_INFINITE_RECURSION = YES;
				CLANG_WARN_INT_CONVERSION = YES;
				CLANG_WARN_NON_LITERAL_NULL_CONVERSION = YES;
				CLANG_WARN_OBJC_LITERAL_CONVERSION = YES;
				CLANG_WARN_OBJC_ROOT_CLASS = YES_ERROR;
				CLANG_WARN_RANGE_LOOP_ANALYSIS = YES;
				CLANG_WARN_STRICT_PROTOTYPES = YES;
				CLANG_WARN_SUSPICIOUS_MOVE = YES;
				CLANG_WARN_UNGUARDED_AVAILABILITY = YES_AGGRESSIVE;
				CLANG_WARN_UNREACHABLE_CODE = YES;
				CLANG_WARN__DUPLICATE_METHOD_MATCH = YES;
				CODE_SIGN_IDENTITY = "iPhone Developer";
				COPY_PHASE_STRIP = NO;
				DEBUG_INFORMATION_FORMAT = "dwarf-with-dsym";
				ENABLE_NS_ASSERTIONS = NO;
				ENABLE_STRICT_OBJC_MSGSEND = YES;
				GCC_C_LANGUAGE_STANDARD = gnu11;
				GCC_NO_COMMON_BLOCKS = YES;
				GCC_PREPROCESSOR_DEFINITIONS = (
					"PROD=1",
					"EYADINI=1",
					"$(inherited)",
				);
				GCC_WARN_64_TO_32_BIT_CONVERSION = YES;
				GCC_WARN_ABOUT_RETURN_TYPE = YES_ERROR;
				GCC_WARN_UNDECLARED_SELECTOR = YES;
				GCC_WARN_UNINITIALIZED_AUTOS = YES_AGGRESSIVE;
				GCC_WARN_UNUSED_FUNCTION = YES;
				GCC_WARN_UNUSED_VARIABLE = YES;
				IPHONEOS_DEPLOYMENT_TARGET = 11.2;
				MTL_ENABLE_DEBUG_INFO = NO;
				SDKROOT = iphoneos;
				VALIDATE_PRODUCT = YES;
			};
			name = EyadiniRelease;
		};
		3EE3CCC620328E50005FD2A5 /* EyadiniDebug */ = {
			isa = XCBuildConfiguration;
			baseConfigurationReference = 3D6B71264106057E6E08E212 /* Pods-Placid.eyadinidebug.xcconfig */;
			buildSettings = {
				ASSETCATALOG_COMPILER_APPICON_NAME = EyadiniAppIcon;
				CODE_SIGN_IDENTITY = "iPhone Developer";
				"CODE_SIGN_IDENTITY[sdk=iphoneos*]" = "iPhone Developer";
				CODE_SIGN_STYLE = Automatic;
				DEVELOPMENT_TEAM = HVGWN44W78;
				FRAMEWORK_SEARCH_PATHS = (
					"$(inherited)",
					"$(PROJECT_DIR)/Placid",
				);
				GCC_PREPROCESSOR_DEFINITIONS = (
					"EYADINI=1",
					"$(inherited)",
					"DEBUG=1",
				);
				INFOPLIST_FILE = Placid/Info.plist;
				IPHONEOS_DEPLOYMENT_TARGET = 9.0;
				LD_RUNPATH_SEARCH_PATHS = "$(inherited) @executable_path/Frameworks";
				PRODUCT_BUNDLE_IDENTIFIER = com.strapblaque.eyadini.debug;
				PRODUCT_NAME = "$(TARGET_NAME)";
				PROVISIONING_PROFILE_SPECIFIER = "";
				TARGETED_DEVICE_FAMILY = "1,2";
			};
			name = EyadiniDebug;
		};
		3EE3CCC720328E50005FD2A5 /* EyadiniRelease */ = {
			isa = XCBuildConfiguration;
			baseConfigurationReference = A678BB36701F146BCE93A567 /* Pods-Placid.eyadinirelease.xcconfig */;
			buildSettings = {
				ASSETCATALOG_COMPILER_APPICON_NAME = EyadiniAppIcon;
				CODE_SIGN_IDENTITY = "iPhone Developer";
				"CODE_SIGN_IDENTITY[sdk=iphoneos*]" = "iPhone Developer";
				CODE_SIGN_STYLE = Automatic;
				DEVELOPMENT_TEAM = HVGWN44W78;
				FRAMEWORK_SEARCH_PATHS = (
					"$(inherited)",
					"$(PROJECT_DIR)/Placid",
				);
				GCC_PREPROCESSOR_DEFINITIONS = (
					"EYADINI=1",
					"PROD=1",
					"$(inherited)",
				);
				INFOPLIST_FILE = Placid/Info.plist;
				IPHONEOS_DEPLOYMENT_TARGET = 9.0;
				LD_RUNPATH_SEARCH_PATHS = "$(inherited) @executable_path/Frameworks";
				PRODUCT_BUNDLE_IDENTIFIER = com.strapblaque.eyadini.debug;
				PRODUCT_NAME = "$(TARGET_NAME)";
				PROVISIONING_PROFILE_SPECIFIER = "";
				TARGETED_DEVICE_FAMILY = "1,2";
			};
			name = EyadiniRelease;
		};
		3EE3CCC920328E50005FD2A5 /* EyadiniDebug */ = {
			isa = XCBuildConfiguration;
			buildSettings = {
				BUNDLE_LOADER = "$(TEST_HOST)";
				CODE_SIGN_STYLE = Automatic;
				DEVELOPMENT_TEAM = 2V87XH9WP9;
				INFOPLIST_FILE = PlacidTests/Info.plist;
				LD_RUNPATH_SEARCH_PATHS = "$(inherited) @executable_path/Frameworks @loader_path/Frameworks";
				PRODUCT_BUNDLE_IDENTIFIER = com.strapblaque.PlacidTests;
				PRODUCT_NAME = "$(TARGET_NAME)";
				TARGETED_DEVICE_FAMILY = "1,2";
				TEST_HOST = "$(BUILT_PRODUCTS_DIR)/Placid.app/Placid";
			};
			name = EyadiniDebug;
		};
		3EE3CCCA20328E50005FD2A5 /* EyadiniRelease */ = {
			isa = XCBuildConfiguration;
			buildSettings = {
				BUNDLE_LOADER = "$(TEST_HOST)";
				CODE_SIGN_STYLE = Automatic;
				DEVELOPMENT_TEAM = 2V87XH9WP9;
				INFOPLIST_FILE = PlacidTests/Info.plist;
				LD_RUNPATH_SEARCH_PATHS = "$(inherited) @executable_path/Frameworks @loader_path/Frameworks";
				PRODUCT_BUNDLE_IDENTIFIER = com.strapblaque.PlacidTests;
				PRODUCT_NAME = "$(TARGET_NAME)";
				TARGETED_DEVICE_FAMILY = "1,2";
				TEST_HOST = "$(BUILT_PRODUCTS_DIR)/Placid.app/Placid";
			};
			name = EyadiniRelease;
		};
		3EE3CCCC20328E50005FD2A5 /* EyadiniDebug */ = {
			isa = XCBuildConfiguration;
			buildSettings = {
				CODE_SIGN_STYLE = Automatic;
				DEVELOPMENT_TEAM = 2V87XH9WP9;
				INFOPLIST_FILE = PlacidUITests/Info.plist;
				LD_RUNPATH_SEARCH_PATHS = "$(inherited) @executable_path/Frameworks @loader_path/Frameworks";
				PRODUCT_BUNDLE_IDENTIFIER = com.strapblaque.PlacidUITests;
				PRODUCT_NAME = "$(TARGET_NAME)";
				TARGETED_DEVICE_FAMILY = "1,2";
				TEST_TARGET_NAME = Placid;
			};
			name = EyadiniDebug;
		};
		3EE3CCCD20328E50005FD2A5 /* EyadiniRelease */ = {
			isa = XCBuildConfiguration;
			buildSettings = {
				CODE_SIGN_STYLE = Automatic;
				DEVELOPMENT_TEAM = 2V87XH9WP9;
				INFOPLIST_FILE = PlacidUITests/Info.plist;
				LD_RUNPATH_SEARCH_PATHS = "$(inherited) @executable_path/Frameworks @loader_path/Frameworks";
				PRODUCT_BUNDLE_IDENTIFIER = com.strapblaque.PlacidUITests;
				PRODUCT_NAME = "$(TARGET_NAME)";
				TARGETED_DEVICE_FAMILY = "1,2";
				TEST_TARGET_NAME = Placid;
			};
			name = EyadiniRelease;
		};
		3EE3CCD2203291BD005FD2A5 /* MaxiDebug */ = {
			isa = XCBuildConfiguration;
			buildSettings = {
				ALWAYS_SEARCH_USER_PATHS = NO;
				CLANG_ANALYZER_NONNULL = YES;
				CLANG_ANALYZER_NUMBER_OBJECT_CONVERSION = YES_AGGRESSIVE;
				CLANG_CXX_LANGUAGE_STANDARD = "gnu++14";
				CLANG_CXX_LIBRARY = "libc++";
				CLANG_ENABLE_MODULES = YES;
				CLANG_ENABLE_OBJC_ARC = YES;
				CLANG_WARN_BLOCK_CAPTURE_AUTORELEASING = YES;
				CLANG_WARN_BOOL_CONVERSION = YES;
				CLANG_WARN_COMMA = YES;
				CLANG_WARN_CONSTANT_CONVERSION = YES;
				CLANG_WARN_DIRECT_OBJC_ISA_USAGE = YES_ERROR;
				CLANG_WARN_DOCUMENTATION_COMMENTS = YES;
				CLANG_WARN_EMPTY_BODY = YES;
				CLANG_WARN_ENUM_CONVERSION = YES;
				CLANG_WARN_INFINITE_RECURSION = YES;
				CLANG_WARN_INT_CONVERSION = YES;
				CLANG_WARN_NON_LITERAL_NULL_CONVERSION = YES;
				CLANG_WARN_OBJC_LITERAL_CONVERSION = YES;
				CLANG_WARN_OBJC_ROOT_CLASS = YES_ERROR;
				CLANG_WARN_RANGE_LOOP_ANALYSIS = YES;
				CLANG_WARN_STRICT_PROTOTYPES = YES;
				CLANG_WARN_SUSPICIOUS_MOVE = YES;
				CLANG_WARN_UNGUARDED_AVAILABILITY = YES_AGGRESSIVE;
				CLANG_WARN_UNREACHABLE_CODE = YES;
				CLANG_WARN__DUPLICATE_METHOD_MATCH = YES;
				CODE_SIGN_IDENTITY = "iPhone Developer";
				COPY_PHASE_STRIP = NO;
				DEBUG_INFORMATION_FORMAT = "dwarf-with-dsym";
				ENABLE_NS_ASSERTIONS = NO;
				ENABLE_STRICT_OBJC_MSGSEND = YES;
				GCC_C_LANGUAGE_STANDARD = gnu11;
				GCC_NO_COMMON_BLOCKS = YES;
				GCC_PREPROCESSOR_DEFINITIONS = (
					"DEBUG=1",
					"MAXI=1",
					"$(inherited)",
				);
				GCC_WARN_64_TO_32_BIT_CONVERSION = YES;
				GCC_WARN_ABOUT_RETURN_TYPE = YES_ERROR;
				GCC_WARN_UNDECLARED_SELECTOR = YES;
				GCC_WARN_UNINITIALIZED_AUTOS = YES_AGGRESSIVE;
				GCC_WARN_UNUSED_FUNCTION = YES;
				GCC_WARN_UNUSED_VARIABLE = YES;
				IPHONEOS_DEPLOYMENT_TARGET = 11.2;
				MTL_ENABLE_DEBUG_INFO = NO;
				SDKROOT = iphoneos;
				VALIDATE_PRODUCT = YES;
			};
			name = MaxiDebug;
		};
		3EE3CCD3203291BD005FD2A5 /* MaxiDebug */ = {
			isa = XCBuildConfiguration;
			baseConfigurationReference = BF72E720719BB874265BC411 /* Pods-Placid.maxidebug.xcconfig */;
			buildSettings = {
				ASSETCATALOG_COMPILER_APPICON_NAME = EyadiniAppIcon;
				CODE_SIGN_IDENTITY = "iPhone Developer";
				"CODE_SIGN_IDENTITY[sdk=iphoneos*]" = "iPhone Developer";
				CODE_SIGN_STYLE = Automatic;
				DEVELOPMENT_TEAM = HVGWN44W78;
				FRAMEWORK_SEARCH_PATHS = (
					"$(inherited)",
					"$(PROJECT_DIR)/Placid",
				);
				GCC_OPTIMIZATION_LEVEL = 0;
				GCC_PREPROCESSOR_DEFINITIONS = (
					"DEBUG=1",
					"MAXI=1",
					"$(inherited)",
				);
				INFOPLIST_FILE = Placid/Info.plist;
				IPHONEOS_DEPLOYMENT_TARGET = 9.0;
				LD_RUNPATH_SEARCH_PATHS = "$(inherited) @executable_path/Frameworks";
				PRODUCT_BUNDLE_IDENTIFIER = com.strapblaque.eyadini.debug;
				PRODUCT_NAME = "$(TARGET_NAME)";
				PROVISIONING_PROFILE_SPECIFIER = "";
				TARGETED_DEVICE_FAMILY = "1,2";
			};
			name = MaxiDebug;
		};
		3EE3CCD4203291BD005FD2A5 /* MaxiDebug */ = {
			isa = XCBuildConfiguration;
			buildSettings = {
				BUNDLE_LOADER = "$(TEST_HOST)";
				CODE_SIGN_STYLE = Automatic;
				DEVELOPMENT_TEAM = 2V87XH9WP9;
				INFOPLIST_FILE = PlacidTests/Info.plist;
				LD_RUNPATH_SEARCH_PATHS = "$(inherited) @executable_path/Frameworks @loader_path/Frameworks";
				PRODUCT_BUNDLE_IDENTIFIER = com.strapblaque.PlacidTests;
				PRODUCT_NAME = "$(TARGET_NAME)";
				TARGETED_DEVICE_FAMILY = "1,2";
				TEST_HOST = "$(BUILT_PRODUCTS_DIR)/Placid.app/Placid";
			};
			name = MaxiDebug;
		};
		3EE3CCD5203291BD005FD2A5 /* MaxiDebug */ = {
			isa = XCBuildConfiguration;
			buildSettings = {
				CODE_SIGN_STYLE = Automatic;
				DEVELOPMENT_TEAM = 2V87XH9WP9;
				INFOPLIST_FILE = PlacidUITests/Info.plist;
				LD_RUNPATH_SEARCH_PATHS = "$(inherited) @executable_path/Frameworks @loader_path/Frameworks";
				PRODUCT_BUNDLE_IDENTIFIER = com.strapblaque.PlacidUITests;
				PRODUCT_NAME = "$(TARGET_NAME)";
				TARGETED_DEVICE_FAMILY = "1,2";
				TEST_TARGET_NAME = Placid;
			};
			name = MaxiDebug;
		};
		3EE3CCD6203291CC005FD2A5 /* MaxiRelease */ = {
			isa = XCBuildConfiguration;
			buildSettings = {
				ALWAYS_SEARCH_USER_PATHS = NO;
				CLANG_ANALYZER_NONNULL = YES;
				CLANG_ANALYZER_NUMBER_OBJECT_CONVERSION = YES_AGGRESSIVE;
				CLANG_CXX_LANGUAGE_STANDARD = "gnu++14";
				CLANG_CXX_LIBRARY = "libc++";
				CLANG_ENABLE_MODULES = YES;
				CLANG_ENABLE_OBJC_ARC = YES;
				CLANG_WARN_BLOCK_CAPTURE_AUTORELEASING = YES;
				CLANG_WARN_BOOL_CONVERSION = YES;
				CLANG_WARN_COMMA = YES;
				CLANG_WARN_CONSTANT_CONVERSION = YES;
				CLANG_WARN_DIRECT_OBJC_ISA_USAGE = YES_ERROR;
				CLANG_WARN_DOCUMENTATION_COMMENTS = YES;
				CLANG_WARN_EMPTY_BODY = YES;
				CLANG_WARN_ENUM_CONVERSION = YES;
				CLANG_WARN_INFINITE_RECURSION = YES;
				CLANG_WARN_INT_CONVERSION = YES;
				CLANG_WARN_NON_LITERAL_NULL_CONVERSION = YES;
				CLANG_WARN_OBJC_LITERAL_CONVERSION = YES;
				CLANG_WARN_OBJC_ROOT_CLASS = YES_ERROR;
				CLANG_WARN_RANGE_LOOP_ANALYSIS = YES;
				CLANG_WARN_STRICT_PROTOTYPES = YES;
				CLANG_WARN_SUSPICIOUS_MOVE = YES;
				CLANG_WARN_UNGUARDED_AVAILABILITY = YES_AGGRESSIVE;
				CLANG_WARN_UNREACHABLE_CODE = YES;
				CLANG_WARN__DUPLICATE_METHOD_MATCH = YES;
				CODE_SIGN_IDENTITY = "iPhone Developer";
				COPY_PHASE_STRIP = NO;
				DEBUG_INFORMATION_FORMAT = "dwarf-with-dsym";
				ENABLE_NS_ASSERTIONS = NO;
				ENABLE_STRICT_OBJC_MSGSEND = YES;
				GCC_C_LANGUAGE_STANDARD = gnu11;
				GCC_NO_COMMON_BLOCKS = YES;
				GCC_PREPROCESSOR_DEFINITIONS = (
					"MAXI=1",
					"PROD=1",
				);
				GCC_WARN_64_TO_32_BIT_CONVERSION = YES;
				GCC_WARN_ABOUT_RETURN_TYPE = YES_ERROR;
				GCC_WARN_UNDECLARED_SELECTOR = YES;
				GCC_WARN_UNINITIALIZED_AUTOS = YES_AGGRESSIVE;
				GCC_WARN_UNUSED_FUNCTION = YES;
				GCC_WARN_UNUSED_VARIABLE = YES;
				IPHONEOS_DEPLOYMENT_TARGET = 11.2;
				MTL_ENABLE_DEBUG_INFO = NO;
				SDKROOT = iphoneos;
				VALIDATE_PRODUCT = YES;
			};
			name = MaxiRelease;
		};
		3EE3CCD7203291CC005FD2A5 /* MaxiRelease */ = {
			isa = XCBuildConfiguration;
			baseConfigurationReference = F62586C03B1689C15393EBD6 /* Pods-Placid.maxirelease.xcconfig */;
			buildSettings = {
				ASSETCATALOG_COMPILER_APPICON_NAME = EyadiniAppIcon;
				CODE_SIGN_IDENTITY = "iPhone Developer";
				"CODE_SIGN_IDENTITY[sdk=iphoneos*]" = "iPhone Developer";
				CODE_SIGN_STYLE = Automatic;
				DEVELOPMENT_TEAM = HVGWN44W78;
				FRAMEWORK_SEARCH_PATHS = (
					"$(inherited)",
					"$(PROJECT_DIR)/Placid",
				);
				GCC_PREPROCESSOR_DEFINITIONS = (
					"PROD=1",
					"MAXI=1",
					"$(inherited)",
				);
				INFOPLIST_FILE = Placid/Info.plist;
				IPHONEOS_DEPLOYMENT_TARGET = 9.0;
				LD_RUNPATH_SEARCH_PATHS = "$(inherited) @executable_path/Frameworks";
				PRODUCT_BUNDLE_IDENTIFIER = com.strapblaque.eyadini.debug;
				PRODUCT_NAME = "$(TARGET_NAME)";
				PROVISIONING_PROFILE_SPECIFIER = "";
				TARGETED_DEVICE_FAMILY = "1,2";
			};
			name = MaxiRelease;
		};
		3EE3CCD8203291CC005FD2A5 /* MaxiRelease */ = {
			isa = XCBuildConfiguration;
			buildSettings = {
				BUNDLE_LOADER = "$(TEST_HOST)";
				CODE_SIGN_STYLE = Automatic;
				DEVELOPMENT_TEAM = 2V87XH9WP9;
				INFOPLIST_FILE = PlacidTests/Info.plist;
				LD_RUNPATH_SEARCH_PATHS = "$(inherited) @executable_path/Frameworks @loader_path/Frameworks";
				PRODUCT_BUNDLE_IDENTIFIER = com.strapblaque.PlacidTests;
				PRODUCT_NAME = "$(TARGET_NAME)";
				TARGETED_DEVICE_FAMILY = "1,2";
				TEST_HOST = "$(BUILT_PRODUCTS_DIR)/Placid.app/Placid";
			};
			name = MaxiRelease;
		};
		3EE3CCD9203291CC005FD2A5 /* MaxiRelease */ = {
			isa = XCBuildConfiguration;
			buildSettings = {
				CODE_SIGN_STYLE = Automatic;
				DEVELOPMENT_TEAM = 2V87XH9WP9;
				INFOPLIST_FILE = PlacidUITests/Info.plist;
				LD_RUNPATH_SEARCH_PATHS = "$(inherited) @executable_path/Frameworks @loader_path/Frameworks";
				PRODUCT_BUNDLE_IDENTIFIER = com.strapblaque.PlacidUITests;
				PRODUCT_NAME = "$(TARGET_NAME)";
				TARGETED_DEVICE_FAMILY = "1,2";
				TEST_TARGET_NAME = Placid;
			};
			name = MaxiRelease;
		};
/* End XCBuildConfiguration section */

/* Begin XCConfigurationList section */
		3EE3CC9420328E50005FD2A5 /* Build configuration list for PBXProject "Placid" */ = {
			isa = XCConfigurationList;
			buildConfigurations = (
				3EE3CCC320328E50005FD2A5 /* EyadiniDebug */,
				3EE3CCC420328E50005FD2A5 /* EyadiniRelease */,
				3EE3CCD2203291BD005FD2A5 /* MaxiDebug */,
				3EE3CCD6203291CC005FD2A5 /* MaxiRelease */,
			);
			defaultConfigurationIsVisible = 0;
			defaultConfigurationName = EyadiniRelease;
		};
		3EE3CCC520328E50005FD2A5 /* Build configuration list for PBXNativeTarget "Placid" */ = {
			isa = XCConfigurationList;
			buildConfigurations = (
				3EE3CCC620328E50005FD2A5 /* EyadiniDebug */,
				3EE3CCC720328E50005FD2A5 /* EyadiniRelease */,
				3EE3CCD3203291BD005FD2A5 /* MaxiDebug */,
				3EE3CCD7203291CC005FD2A5 /* MaxiRelease */,
			);
			defaultConfigurationIsVisible = 0;
			defaultConfigurationName = EyadiniRelease;
		};
		3EE3CCC820328E50005FD2A5 /* Build configuration list for PBXNativeTarget "PlacidTests" */ = {
			isa = XCConfigurationList;
			buildConfigurations = (
				3EE3CCC920328E50005FD2A5 /* EyadiniDebug */,
				3EE3CCCA20328E50005FD2A5 /* EyadiniRelease */,
				3EE3CCD4203291BD005FD2A5 /* MaxiDebug */,
				3EE3CCD8203291CC005FD2A5 /* MaxiRelease */,
			);
			defaultConfigurationIsVisible = 0;
			defaultConfigurationName = EyadiniRelease;
		};
		3EE3CCCB20328E50005FD2A5 /* Build configuration list for PBXNativeTarget "PlacidUITests" */ = {
			isa = XCConfigurationList;
			buildConfigurations = (
				3EE3CCCC20328E50005FD2A5 /* EyadiniDebug */,
				3EE3CCCD20328E50005FD2A5 /* EyadiniRelease */,
				3EE3CCD5203291BD005FD2A5 /* MaxiDebug */,
				3EE3CCD9203291CC005FD2A5 /* MaxiRelease */,
			);
			defaultConfigurationIsVisible = 0;
			defaultConfigurationName = EyadiniRelease;
		};
/* End XCConfigurationList section */
	};
	rootObject = 3EE3CC9120328E50005FD2A5 /* Project object */;
}
